// !$*UTF8*$!
{
	archiveVersion = 1;
	classes = {
	};
	objectVersion = 46;
	objects = {

/* Begin PBXBuildFile section */
		32054A861729D19B00F2562D /* IGEpisodeTests.m in Sources */ = {isa = PBXBuildFile; fileRef = 32054A851729D19B00F2562D /* IGEpisodeTests.m */; };
		32054B0E172C6B2D00F2562D /* libPods.a in Frameworks */ = {isa = PBXBuildFile; fileRef = 6101FC8C011D44EA8100635E /* libPods.a */; };
		32054B0F172C6B3C00F2562D /* SystemConfiguration.framework in Frameworks */ = {isa = PBXBuildFile; fileRef = 323D5A3716B842770074E91F /* SystemConfiguration.framework */; };
		32054B10172C6B3F00F2562D /* MobileCoreServices.framework in Frameworks */ = {isa = PBXBuildFile; fileRef = 323D5A3916B842F30074E91F /* MobileCoreServices.framework */; };
		32054B11172C6B6F00F2562D /* IGEpisode.m in Sources */ = {isa = PBXBuildFile; fileRef = 32FEA285153DF03400F17ABE /* IGEpisode.m */; };
		32054B12172C6B7500F2562D /* IGPodcastFeedParser.m in Sources */ = {isa = PBXBuildFile; fileRef = 32523DF3168E4277006E9FFB /* IGPodcastFeedParser.m */; };
		32054B13172C6B7C00F2562D /* SITMOS.xcdatamodeld in Sources */ = {isa = PBXBuildFile; fileRef = 3293D645148BBCF20052B427 /* SITMOS.xcdatamodeld */; };
		32056E2A15E1913F00235783 /* progress-slider-thumb.png in Resources */ = {isa = PBXBuildFile; fileRef = 32056E2815E1913F00235783 /* progress-slider-thumb.png */; };
		32056E2B15E1913F00235783 /* progress-slider-thumb@2x.png in Resources */ = {isa = PBXBuildFile; fileRef = 32056E2915E1913F00235783 /* progress-slider-thumb@2x.png */; };
		32056E2E15E1983400235783 /* progress-slider-fill.png in Resources */ = {isa = PBXBuildFile; fileRef = 32056E2C15E1983300235783 /* progress-slider-fill.png */; };
		32056E2F15E1983400235783 /* progress-slider-fill@2x.png in Resources */ = {isa = PBXBuildFile; fileRef = 32056E2D15E1983300235783 /* progress-slider-fill@2x.png */; };
		32056E3215E286D700235783 /* nav-button-port.png in Resources */ = {isa = PBXBuildFile; fileRef = 32056E3015E286D700235783 /* nav-button-port.png */; };
		32056E3315E286D700235783 /* nav-button-port@2x.png in Resources */ = {isa = PBXBuildFile; fileRef = 32056E3115E286D700235783 /* nav-button-port@2x.png */; };
		320602F31754C0B700301459 /* IGHTTPClientTests.m in Sources */ = {isa = PBXBuildFile; fileRef = 320602F21754C0B700301459 /* IGHTTPClientTests.m */; };
		3213C5EE174913C6003C0BC4 /* episode-downloaded-icon.png in Resources */ = {isa = PBXBuildFile; fileRef = 3213C5EC174913C6003C0BC4 /* episode-downloaded-icon.png */; };
		3213C5EF174913C6003C0BC4 /* episode-downloaded-icon@2x.png in Resources */ = {isa = PBXBuildFile; fileRef = 3213C5ED174913C6003C0BC4 /* episode-downloaded-icon@2x.png */; };
		3213C5F217495570003C0BC4 /* episode-unplayed-icon.png in Resources */ = {isa = PBXBuildFile; fileRef = 3213C5F017495570003C0BC4 /* episode-unplayed-icon.png */; };
		3213C5F317495570003C0BC4 /* episode-unplayed-icon@2x.png in Resources */ = {isa = PBXBuildFile; fileRef = 3213C5F117495570003C0BC4 /* episode-unplayed-icon@2x.png */; };
		3213C5F6174A299D003C0BC4 /* episode-half-played-icon.png in Resources */ = {isa = PBXBuildFile; fileRef = 3213C5F4174A299C003C0BC4 /* episode-half-played-icon.png */; };
		3213C5F7174A299D003C0BC4 /* episode-half-played-icon@2x.png in Resources */ = {isa = PBXBuildFile; fileRef = 3213C5F5174A299C003C0BC4 /* episode-half-played-icon@2x.png */; };
		3213C60D174A4372003C0BC4 /* download-episode-track-image.png in Resources */ = {isa = PBXBuildFile; fileRef = 3213C60B174A4372003C0BC4 /* download-episode-track-image.png */; };
		3213C60E174A4372003C0BC4 /* download-episode-track-image@2x.png in Resources */ = {isa = PBXBuildFile; fileRef = 3213C60C174A4372003C0BC4 /* download-episode-track-image@2x.png */; };
		3213C611174A5CF3003C0BC4 /* download-episode-progress-image.png in Resources */ = {isa = PBXBuildFile; fileRef = 3213C60F174A5CF3003C0BC4 /* download-episode-progress-image.png */; };
		3213C612174A5CF3003C0BC4 /* download-episode-progress-image@2x.png in Resources */ = {isa = PBXBuildFile; fileRef = 3213C610174A5CF3003C0BC4 /* download-episode-progress-image@2x.png */; };
		321579BF15FCFA760074518D /* IGEpisodeMoreInfoViewController.m in Sources */ = {isa = PBXBuildFile; fileRef = 321579BE15FCFA760074518D /* IGEpisodeMoreInfoViewController.m */; };
		321891D315F111A200063177 /* search-bar-bg.png in Resources */ = {isa = PBXBuildFile; fileRef = 321891D115F111A200063177 /* search-bar-bg.png */; };
		321891D415F111A200063177 /* search-bar-bg@2x.png in Resources */ = {isa = PBXBuildFile; fileRef = 321891D215F111A200063177 /* search-bar-bg@2x.png */; };
		321CB21715DD899B00E0E35A /* nav-bar-port-bg.png in Resources */ = {isa = PBXBuildFile; fileRef = 321CB21515DD899B00E0E35A /* nav-bar-port-bg.png */; };
		321CB21815DD899B00E0E35A /* nav-bar-port-bg@2x.png in Resources */ = {isa = PBXBuildFile; fileRef = 321CB21615DD899B00E0E35A /* nav-bar-port-bg@2x.png */; };
		321D8C42145F1D8B008698DC /* UIKit.framework in Frameworks */ = {isa = PBXBuildFile; fileRef = 321D8C41145F1D8B008698DC /* UIKit.framework */; };
		321D8C44145F1D8B008698DC /* Foundation.framework in Frameworks */ = {isa = PBXBuildFile; fileRef = 321D8C43145F1D8B008698DC /* Foundation.framework */; };
		321D8C46145F1D8B008698DC /* CoreGraphics.framework in Frameworks */ = {isa = PBXBuildFile; fileRef = 321D8C45145F1D8B008698DC /* CoreGraphics.framework */; };
		321D8C4C145F1D8B008698DC /* InfoPlist.strings in Resources */ = {isa = PBXBuildFile; fileRef = 321D8C4A145F1D8B008698DC /* InfoPlist.strings */; };
		321D8C4E145F1D8B008698DC /* main.m in Sources */ = {isa = PBXBuildFile; fileRef = 321D8C4D145F1D8B008698DC /* main.m */; };
		321D8C52145F1D8B008698DC /* IGAppDelegate.m in Sources */ = {isa = PBXBuildFile; fileRef = 321D8C51145F1D8B008698DC /* IGAppDelegate.m */; };
		321F218C15B9FD8D00610DC0 /* more-info-button.png in Resources */ = {isa = PBXBuildFile; fileRef = 321F218A15B9FD8C00610DC0 /* more-info-button.png */; };
		321F218D15B9FD8D00610DC0 /* more-info-button@2x.png in Resources */ = {isa = PBXBuildFile; fileRef = 321F218B15B9FD8D00610DC0 /* more-info-button@2x.png */; };
		3222F7C5170B57F900E8E76E /* IGSettingsViewController.m in Sources */ = {isa = PBXBuildFile; fileRef = 3222F7C4170B57F900E8E76E /* IGSettingsViewController.m */; };
		3222F7C7170F6B4000E8E76E /* Settings.bundle in Resources */ = {isa = PBXBuildFile; fileRef = 3222F7C6170F6B4000E8E76E /* Settings.bundle */; };
		32282D5915CDE8C70005E3B6 /* Default.png in Resources */ = {isa = PBXBuildFile; fileRef = 32282D5715CDE8C50005E3B6 /* Default.png */; };
		32282D5A15CDE8C70005E3B6 /* Default@2x.png in Resources */ = {isa = PBXBuildFile; fileRef = 32282D5815CDE8C60005E3B6 /* Default@2x.png */; };
		32282D5D15CDE9FF0005E3B6 /* icon-57.png in Resources */ = {isa = PBXBuildFile; fileRef = 32282D5B15CDE9FD0005E3B6 /* icon-57.png */; };
		32282D5E15CDE9FF0005E3B6 /* icon-114.png in Resources */ = {isa = PBXBuildFile; fileRef = 32282D5C15CDE9FE0005E3B6 /* icon-114.png */; };
		32282D6515CDEB6A0005E3B6 /* icon-29.png in Resources */ = {isa = PBXBuildFile; fileRef = 32282D6315CDEB680005E3B6 /* icon-29.png */; };
		32282D6615CDEB6A0005E3B6 /* icon-58.png in Resources */ = {isa = PBXBuildFile; fileRef = 32282D6415CDEB690005E3B6 /* icon-58.png */; };
		322AD78D153613BA00988B31 /* MediaPlayer.framework in Frameworks */ = {isa = PBXBuildFile; fileRef = 322AD78C153613BA00988B31 /* MediaPlayer.framework */; };
		322D32BC17257568004856E9 /* SenTestingKit.framework in Frameworks */ = {isa = PBXBuildFile; fileRef = 322D32BB17257568004856E9 /* SenTestingKit.framework */; };
		322D32BD17257568004856E9 /* UIKit.framework in Frameworks */ = {isa = PBXBuildFile; fileRef = 321D8C41145F1D8B008698DC /* UIKit.framework */; };
		322D32BE17257568004856E9 /* Foundation.framework in Frameworks */ = {isa = PBXBuildFile; fileRef = 321D8C43145F1D8B008698DC /* Foundation.framework */; };
		322D32D217257637004856E9 /* InfoPlist.strings in Resources */ = {isa = PBXBuildFile; fileRef = 322D32CE17257637004856E9 /* InfoPlist.strings */; };
		322D32DC17257A1F004856E9 /* IGPodcastFeedParserTests.m in Sources */ = {isa = PBXBuildFile; fileRef = 322D32DB17257A1F004856E9 /* IGPodcastFeedParserTests.m */; };
		322D32E11725923E004856E9 /* CoreData.framework in Frameworks */ = {isa = PBXBuildFile; fileRef = 3293D63D148BBC090052B427 /* CoreData.framework */; };
		3235957515755737007D5D90 /* audio-player-lower-controls-bg.png in Resources */ = {isa = PBXBuildFile; fileRef = 3235957315755737007D5D90 /* audio-player-lower-controls-bg.png */; };
		3235957615755737007D5D90 /* audio-player-lower-controls-bg@2x.png in Resources */ = {isa = PBXBuildFile; fileRef = 3235957415755737007D5D90 /* audio-player-lower-controls-bg@2x.png */; };
		32392335167F5A6C00301439 /* EGORefreshTableHeaderView.m in Sources */ = {isa = PBXBuildFile; fileRef = 32392334167F5A6C00301439 /* EGORefreshTableHeaderView.m */; };
		32392395167F5C3200301439 /* MJPopupBackgroundView.m in Sources */ = {isa = PBXBuildFile; fileRef = 32392392167F5C3200301439 /* MJPopupBackgroundView.m */; };
		32392396167F5C3200301439 /* UIViewController+MJPopupViewController.m in Sources */ = {isa = PBXBuildFile; fileRef = 32392394167F5C3200301439 /* UIViewController+MJPopupViewController.m */; };
		3239239A167F5C9100301439 /* NSDate+Helper.m in Sources */ = {isa = PBXBuildFile; fileRef = 32392399167F5C9100301439 /* NSDate+Helper.m */; };
		323923A6167F5DD800301439 /* TSLibraryImport.m in Sources */ = {isa = PBXBuildFile; fileRef = 323923A5167F5DD800301439 /* TSLibraryImport.m */; };
		323923AE167F5E0500301439 /* RIButtonItem.m in Sources */ = {isa = PBXBuildFile; fileRef = 323923A9167F5E0500301439 /* RIButtonItem.m */; };
		323923AF167F5E0500301439 /* UIActionSheet+Blocks.m in Sources */ = {isa = PBXBuildFile; fileRef = 323923AB167F5E0500301439 /* UIActionSheet+Blocks.m */; };
		323923B0167F5E0500301439 /* UIAlertView+Blocks.m in Sources */ = {isa = PBXBuildFile; fileRef = 323923AD167F5E0500301439 /* UIAlertView+Blocks.m */; };
		323D5A3516B824270074E91F /* UIApplication+LocalNotificationHelper.m in Sources */ = {isa = PBXBuildFile; fileRef = 323D5A3416B824270074E91F /* UIApplication+LocalNotificationHelper.m */; };
		323D5A3816B842770074E91F /* SystemConfiguration.framework in Frameworks */ = {isa = PBXBuildFile; fileRef = 323D5A3716B842770074E91F /* SystemConfiguration.framework */; };
		324D0394164071D200D0143C /* TDSlider.m in Sources */ = {isa = PBXBuildFile; fileRef = 324D0393164071D200D0143C /* TDSlider.m */; };
		324D0398164450DA00D0143C /* download-episode-pause-button.png in Resources */ = {isa = PBXBuildFile; fileRef = 324D0396164450DA00D0143C /* download-episode-pause-button.png */; };
		324D0399164450DA00D0143C /* download-episode-pause-button@2x.png in Resources */ = {isa = PBXBuildFile; fileRef = 324D0397164450DA00D0143C /* download-episode-pause-button@2x.png */; };
		32523DEE1688BFF0006E9FFB /* IGHTTPClient.m in Sources */ = {isa = PBXBuildFile; fileRef = 32523DED1688BFF0006E9FFB /* IGHTTPClient.m */; };
		32523DF1168B5410006E9FFB /* IGRSSXMLRequestOperation.m in Sources */ = {isa = PBXBuildFile; fileRef = 32523DF0168B540F006E9FFB /* IGRSSXMLRequestOperation.m */; };
		32523DF4168E4277006E9FFB /* IGPodcastFeedParser.m in Sources */ = {isa = PBXBuildFile; fileRef = 32523DF3168E4277006E9FFB /* IGPodcastFeedParser.m */; };
		32523E69169B2748006E9FFB /* libz.dylib in Frameworks */ = {isa = PBXBuildFile; fileRef = 32523E68169B2747006E9FFB /* libz.dylib */; };
		325920A615DC1B5700345666 /* play-button.png in Resources */ = {isa = PBXBuildFile; fileRef = 325920A415DC1B5700345666 /* play-button.png */; };
		325920A715DC1B5700345666 /* play-button@2x.png in Resources */ = {isa = PBXBuildFile; fileRef = 325920A515DC1B5700345666 /* play-button@2x.png */; };
		325920AA15DC23D700345666 /* pause-button.png in Resources */ = {isa = PBXBuildFile; fileRef = 325920A815DC23D700345666 /* pause-button.png */; };
		325920AB15DC23D700345666 /* pause-button@2x.png in Resources */ = {isa = PBXBuildFile; fileRef = 325920A915DC23D700345666 /* pause-button@2x.png */; };
		3263DEA31756A06A00D74A1F /* UIViewController+MediaPlayer.m in Sources */ = {isa = PBXBuildFile; fileRef = 3263DEA21756A06900D74A1F /* UIViewController+MediaPlayer.m */; };
		3263DEAA1757587300D74A1F /* nav-bar-land-bg.png in Resources */ = {isa = PBXBuildFile; fileRef = 3263DEA81757587300D74A1F /* nav-bar-land-bg.png */; };
		3263DEAB1757587300D74A1F /* nav-bar-land-bg@2x.png in Resources */ = {isa = PBXBuildFile; fileRef = 3263DEA91757587300D74A1F /* nav-bar-land-bg@2x.png */; };
		3263DEB01757611800D74A1F /* nav-button-land.png in Resources */ = {isa = PBXBuildFile; fileRef = 3263DEAE1757611800D74A1F /* nav-button-land.png */; };
		3263DEB11757611800D74A1F /* nav-button-land@2x.png in Resources */ = {isa = PBXBuildFile; fileRef = 3263DEAF1757611800D74A1F /* nav-button-land@2x.png */; };
		3263DEB4175764D300D74A1F /* nav-button-highlighted-port.png in Resources */ = {isa = PBXBuildFile; fileRef = 3263DEB2175764D300D74A1F /* nav-button-highlighted-port.png */; };
		3263DEB5175764D300D74A1F /* nav-button-highlighted-port@2x.png in Resources */ = {isa = PBXBuildFile; fileRef = 3263DEB3175764D300D74A1F /* nav-button-highlighted-port@2x.png */; };
		3263DEB8175765F800D74A1F /* nav-button-highlighted-land.png in Resources */ = {isa = PBXBuildFile; fileRef = 3263DEB6175765F800D74A1F /* nav-button-highlighted-land.png */; };
		3263DEB9175765F800D74A1F /* nav-button-highlighted-land@2x.png in Resources */ = {isa = PBXBuildFile; fileRef = 3263DEB7175765F800D74A1F /* nav-button-highlighted-land@2x.png */; };
		32678CEF147EDE7C007BD110 /* IGEpisodeCell.m in Sources */ = {isa = PBXBuildFile; fileRef = 32678CEE147EDE7C007BD110 /* IGEpisodeCell.m */; };
		327E9FBE1558F96400612C8B /* AVFoundation.framework in Frameworks */ = {isa = PBXBuildFile; fileRef = 327E9FBD1558F96300612C8B /* AVFoundation.framework */; };
		327E9FC21559329A00612C8B /* CoreMedia.framework in Frameworks */ = {isa = PBXBuildFile; fileRef = 327E9FC11559329A00612C8B /* CoreMedia.framework */; };
		3285E114156C43A0009E128A /* Localizable.strings in Resources */ = {isa = PBXBuildFile; fileRef = 3285E112156C43A0009E128A /* Localizable.strings */; };
		328D70F914FEADE70089D78A /* MainStoryboard.storyboard in Resources */ = {isa = PBXBuildFile; fileRef = 328D70F814FEADE70089D78A /* MainStoryboard.storyboard */; };
		328E276B153DDFB0005AE70B /* IGMediaPlayer.m in Sources */ = {isa = PBXBuildFile; fileRef = 328E276A153DDFB0005AE70B /* IGMediaPlayer.m */; };
		3290193E15D18A4A00104FD8 /* IGDefines.m in Sources */ = {isa = PBXBuildFile; fileRef = 3290193D15D18A4A00104FD8 /* IGDefines.m */; };
		329272A814A75F0800119D48 /* IGAudioPlayerViewController.m in Sources */ = {isa = PBXBuildFile; fileRef = 329272A614A75F0800119D48 /* IGAudioPlayerViewController.m */; };
		32934D11149E66C400E939C0 /* QuartzCore.framework in Frameworks */ = {isa = PBXBuildFile; fileRef = 32934D10149E66C400E939C0 /* QuartzCore.framework */; };
		3293D63E148BBC090052B427 /* CoreData.framework in Frameworks */ = {isa = PBXBuildFile; fileRef = 3293D63D148BBC090052B427 /* CoreData.framework */; };
		3293D647148BBCF20052B427 /* SITMOS.xcdatamodeld in Sources */ = {isa = PBXBuildFile; fileRef = 3293D645148BBCF20052B427 /* SITMOS.xcdatamodeld */; };
		3298868E1461DF85006B7BDE /* IGEpisodesListViewController.m in Sources */ = {isa = PBXBuildFile; fileRef = 3298868C1461DF85006B7BDE /* IGEpisodesListViewController.m */; };
		32A2E124160792BF005377FF /* Default-568h@2x.png in Resources */ = {isa = PBXBuildFile; fileRef = 32A2E123160792BF005377FF /* Default-568h@2x.png */; };
		32A3C5C715C99FF60083D165 /* audio-player-bg.png in Resources */ = {isa = PBXBuildFile; fileRef = 32A3C5C515C99FF50083D165 /* audio-player-bg.png */; };
		32A3C5C815C99FF60083D165 /* audio-player-bg@2x.png in Resources */ = {isa = PBXBuildFile; fileRef = 32A3C5C615C99FF60083D165 /* audio-player-bg@2x.png */; };
		32BF7B1C16DA9E9F006B2459 /* IGSettingsSkippingForwardViewController.m in Sources */ = {isa = PBXBuildFile; fileRef = 32BF7B1B16DA9E9F006B2459 /* IGSettingsSkippingForwardViewController.m */; };
		32BF7B2116DBEE3B006B2459 /* skipping-backward-button.png in Resources */ = {isa = PBXBuildFile; fileRef = 32BF7B1D16DBEE3B006B2459 /* skipping-backward-button.png */; };
		32BF7B2216DBEE3B006B2459 /* skipping-backward-button@2x.png in Resources */ = {isa = PBXBuildFile; fileRef = 32BF7B1E16DBEE3B006B2459 /* skipping-backward-button@2x.png */; };
		32BF7B2316DBEE3B006B2459 /* skipping-forward-button.png in Resources */ = {isa = PBXBuildFile; fileRef = 32BF7B1F16DBEE3B006B2459 /* skipping-forward-button.png */; };
		32BF7B2416DBEE3B006B2459 /* skipping-forward-button@2x.png in Resources */ = {isa = PBXBuildFile; fileRef = 32BF7B2016DBEE3B006B2459 /* skipping-forward-button@2x.png */; };
		32C18760172D341000921169 /* IGRSSXMLRequestOperationTests.m in Sources */ = {isa = PBXBuildFile; fileRef = 32C1875F172D341000921169 /* IGRSSXMLRequestOperationTests.m */; };
		32C18761172D342A00921169 /* IGRSSXMLRequestOperation.m in Sources */ = {isa = PBXBuildFile; fileRef = 32523DF0168B540F006E9FFB /* IGRSSXMLRequestOperation.m */; };
		32C1876E172DA8A400921169 /* IGMediaPlayerViewController.m in Sources */ = {isa = PBXBuildFile; fileRef = 32C1876D172DA8A400921169 /* IGMediaPlayerViewController.m */; };
		32C18776172E9BE100921169 /* show-audio-player-icon.png in Resources */ = {isa = PBXBuildFile; fileRef = 32C18774172E9BE100921169 /* show-audio-player-icon.png */; };
		32C18777172E9BE100921169 /* show-audio-player-icon@2x.png in Resources */ = {isa = PBXBuildFile; fileRef = 32C18775172E9BE100921169 /* show-audio-player-icon@2x.png */; };
		32C1877A172E9E8500921169 /* hide-media-player-icon.png in Resources */ = {isa = PBXBuildFile; fileRef = 32C18778172E9E8500921169 /* hide-media-player-icon.png */; };
		32C1877B172E9E8500921169 /* hide-media-player-icon@2x.png in Resources */ = {isa = PBXBuildFile; fileRef = 32C18779172E9E8500921169 /* hide-media-player-icon@2x.png */; };
		32D0092F16EA830A00EAEA81 /* IGMediaPlayerAsset.m in Sources */ = {isa = PBXBuildFile; fileRef = 32D0092E16EA830A00EAEA81 /* IGMediaPlayerAsset.m */; };
		32E6BB96152A08EA00C78815 /* AudioToolbox.framework in Frameworks */ = {isa = PBXBuildFile; fileRef = 32E6BB95152A08EA00C78815 /* AudioToolbox.framework */; };
		32EA27AF16D406D000BB528E /* TDNotificationPanel.m in Sources */ = {isa = PBXBuildFile; fileRef = 32EA27AE16D406D000BB528E /* TDNotificationPanel.m */; };
		32EA27B316DA71E300BB528E /* IGSettingsSkippingBackwardViewController.m in Sources */ = {isa = PBXBuildFile; fileRef = 32EA27B216DA71E300BB528E /* IGSettingsSkippingBackwardViewController.m */; };
		32EDEE5616011AC0009A047A /* download-episode-resume-button.png in Resources */ = {isa = PBXBuildFile; fileRef = 32EDEE5216011AB2009A047A /* download-episode-resume-button.png */; };
		32EDEE5716011AC0009A047A /* download-episode-resume-button@2x.png in Resources */ = {isa = PBXBuildFile; fileRef = 32EDEE5316011AB6009A047A /* download-episode-resume-button@2x.png */; };
		32F023A01754FF4000A91E4B /* IGMockHTTPClient.m in Sources */ = {isa = PBXBuildFile; fileRef = 32F0239F1754FF4000A91E4B /* IGMockHTTPClient.m */; };
		32F023A61755097A00A91E4B /* IGVideoPlayerViewController.m in Sources */ = {isa = PBXBuildFile; fileRef = 32F023A51755097A00A91E4B /* IGVideoPlayerViewController.m */; };
		32F0C80D16F73501009BC0BF /* MobileCoreServices.framework in Frameworks */ = {isa = PBXBuildFile; fileRef = 323D5A3916B842F30074E91F /* MobileCoreServices.framework */; };
		32FBC4C31610D68C005078EC /* IGSettingsEpisodesDeleteViewController.m in Sources */ = {isa = PBXBuildFile; fileRef = 32FBC4C21610D68B005078EC /* IGSettingsEpisodesDeleteViewController.m */; };
		32FBC4F01618DE66005078EC /* IGTestFlight.m in Sources */ = {isa = PBXBuildFile; fileRef = 32FBC4EF1618DE66005078EC /* IGTestFlight.m */; };
		32FBC54E1619AAA6005078EC /* IGInitialSetup.m in Sources */ = {isa = PBXBuildFile; fileRef = 32FBC54D1619AAA5005078EC /* IGInitialSetup.m */; };
		32FEA286153DF03A00F17ABE /* IGEpisode.m in Sources */ = {isa = PBXBuildFile; fileRef = 32FEA285153DF03400F17ABE /* IGEpisode.m */; };
		7B96C2E08C3F4D3C8C09BACB /* libPods-SITMOSTests.a in Frameworks */ = {isa = PBXBuildFile; fileRef = 73721471D14F4C539F2518FF /* libPods-SITMOSTests.a */; };
		FE00210AA649423E8B08DC04 /* libPods.a in Frameworks */ = {isa = PBXBuildFile; fileRef = 6101FC8C011D44EA8100635E /* libPods.a */; };
/* End PBXBuildFile section */

/* Begin PBXContainerItemProxy section */
		32054B0B172C5C3100F2562D /* PBXContainerItemProxy */ = {
			isa = PBXContainerItemProxy;
			containerPortal = 321D8C34145F1D8B008698DC /* Project object */;
			proxyType = 1;
			remoteGlobalIDString = 321D8C3C145F1D8B008698DC;
			remoteInfo = SITMOS;
		};
/* End PBXContainerItemProxy section */

/* Begin PBXFileReference section */
		32054A851729D19B00F2562D /* IGEpisodeTests.m */ = {isa = PBXFileReference; fileEncoding = 4; lastKnownFileType = sourcecode.c.objc; path = IGEpisodeTests.m; sourceTree = "<group>"; };
		32056E2815E1913F00235783 /* progress-slider-thumb.png */ = {isa = PBXFileReference; lastKnownFileType = image.png; path = "progress-slider-thumb.png"; sourceTree = "<group>"; };
		32056E2915E1913F00235783 /* progress-slider-thumb@2x.png */ = {isa = PBXFileReference; lastKnownFileType = image.png; path = "progress-slider-thumb@2x.png"; sourceTree = "<group>"; };
		32056E2C15E1983300235783 /* progress-slider-fill.png */ = {isa = PBXFileReference; lastKnownFileType = image.png; path = "progress-slider-fill.png"; sourceTree = "<group>"; };
		32056E2D15E1983300235783 /* progress-slider-fill@2x.png */ = {isa = PBXFileReference; lastKnownFileType = image.png; path = "progress-slider-fill@2x.png"; sourceTree = "<group>"; };
		32056E3015E286D700235783 /* nav-button-port.png */ = {isa = PBXFileReference; lastKnownFileType = image.png; path = "nav-button-port.png"; sourceTree = "<group>"; };
		32056E3115E286D700235783 /* nav-button-port@2x.png */ = {isa = PBXFileReference; lastKnownFileType = image.png; path = "nav-button-port@2x.png"; sourceTree = "<group>"; };
		320602F21754C0B700301459 /* IGHTTPClientTests.m */ = {isa = PBXFileReference; fileEncoding = 4; lastKnownFileType = sourcecode.c.objc; path = IGHTTPClientTests.m; sourceTree = "<group>"; };
		3213C5EC174913C6003C0BC4 /* episode-downloaded-icon.png */ = {isa = PBXFileReference; lastKnownFileType = image.png; path = "episode-downloaded-icon.png"; sourceTree = "<group>"; };
		3213C5ED174913C6003C0BC4 /* episode-downloaded-icon@2x.png */ = {isa = PBXFileReference; lastKnownFileType = image.png; path = "episode-downloaded-icon@2x.png"; sourceTree = "<group>"; };
		3213C5F017495570003C0BC4 /* episode-unplayed-icon.png */ = {isa = PBXFileReference; lastKnownFileType = image.png; path = "episode-unplayed-icon.png"; sourceTree = "<group>"; };
		3213C5F117495570003C0BC4 /* episode-unplayed-icon@2x.png */ = {isa = PBXFileReference; lastKnownFileType = image.png; path = "episode-unplayed-icon@2x.png"; sourceTree = "<group>"; };
		3213C5F4174A299C003C0BC4 /* episode-half-played-icon.png */ = {isa = PBXFileReference; lastKnownFileType = image.png; path = "episode-half-played-icon.png"; sourceTree = "<group>"; };
		3213C5F5174A299C003C0BC4 /* episode-half-played-icon@2x.png */ = {isa = PBXFileReference; lastKnownFileType = image.png; path = "episode-half-played-icon@2x.png"; sourceTree = "<group>"; };
		3213C60B174A4372003C0BC4 /* download-episode-track-image.png */ = {isa = PBXFileReference; lastKnownFileType = image.png; path = "download-episode-track-image.png"; sourceTree = "<group>"; };
		3213C60C174A4372003C0BC4 /* download-episode-track-image@2x.png */ = {isa = PBXFileReference; lastKnownFileType = image.png; path = "download-episode-track-image@2x.png"; sourceTree = "<group>"; };
		3213C60F174A5CF3003C0BC4 /* download-episode-progress-image.png */ = {isa = PBXFileReference; lastKnownFileType = image.png; path = "download-episode-progress-image.png"; sourceTree = "<group>"; };
		3213C610174A5CF3003C0BC4 /* download-episode-progress-image@2x.png */ = {isa = PBXFileReference; lastKnownFileType = image.png; path = "download-episode-progress-image@2x.png"; sourceTree = "<group>"; };
		321579BD15FCFA760074518D /* IGEpisodeMoreInfoViewController.h */ = {isa = PBXFileReference; fileEncoding = 4; lastKnownFileType = sourcecode.c.h; path = IGEpisodeMoreInfoViewController.h; sourceTree = "<group>"; };
		321579BE15FCFA760074518D /* IGEpisodeMoreInfoViewController.m */ = {isa = PBXFileReference; fileEncoding = 4; lastKnownFileType = sourcecode.c.objc; path = IGEpisodeMoreInfoViewController.m; sourceTree = "<group>"; };
		321891D115F111A200063177 /* search-bar-bg.png */ = {isa = PBXFileReference; lastKnownFileType = image.png; path = "search-bar-bg.png"; sourceTree = "<group>"; };
		321891D215F111A200063177 /* search-bar-bg@2x.png */ = {isa = PBXFileReference; lastKnownFileType = image.png; path = "search-bar-bg@2x.png"; sourceTree = "<group>"; };
		321CB21515DD899B00E0E35A /* nav-bar-port-bg.png */ = {isa = PBXFileReference; lastKnownFileType = image.png; path = "nav-bar-port-bg.png"; sourceTree = "<group>"; };
		321CB21615DD899B00E0E35A /* nav-bar-port-bg@2x.png */ = {isa = PBXFileReference; lastKnownFileType = image.png; path = "nav-bar-port-bg@2x.png"; sourceTree = "<group>"; };
		321D8C3D145F1D8B008698DC /* SITMOS.app */ = {isa = PBXFileReference; explicitFileType = wrapper.application; includeInIndex = 0; path = SITMOS.app; sourceTree = BUILT_PRODUCTS_DIR; };
		321D8C41145F1D8B008698DC /* UIKit.framework */ = {isa = PBXFileReference; lastKnownFileType = wrapper.framework; name = UIKit.framework; path = System/Library/Frameworks/UIKit.framework; sourceTree = SDKROOT; };
		321D8C43145F1D8B008698DC /* Foundation.framework */ = {isa = PBXFileReference; lastKnownFileType = wrapper.framework; name = Foundation.framework; path = System/Library/Frameworks/Foundation.framework; sourceTree = SDKROOT; };
		321D8C45145F1D8B008698DC /* CoreGraphics.framework */ = {isa = PBXFileReference; lastKnownFileType = wrapper.framework; name = CoreGraphics.framework; path = System/Library/Frameworks/CoreGraphics.framework; sourceTree = SDKROOT; };
		321D8C49145F1D8B008698DC /* SITMOS-Info.plist */ = {isa = PBXFileReference; lastKnownFileType = text.plist.xml; path = "SITMOS-Info.plist"; sourceTree = "<group>"; };
		321D8C4B145F1D8B008698DC /* en */ = {isa = PBXFileReference; lastKnownFileType = text.plist.strings; name = en; path = en.lproj/InfoPlist.strings; sourceTree = "<group>"; };
		321D8C4D145F1D8B008698DC /* main.m */ = {isa = PBXFileReference; lastKnownFileType = sourcecode.c.objc; path = main.m; sourceTree = "<group>"; };
		321D8C4F145F1D8B008698DC /* SITMOS-Prefix.pch */ = {isa = PBXFileReference; lastKnownFileType = sourcecode.c.h; path = "SITMOS-Prefix.pch"; sourceTree = "<group>"; };
		321D8C50145F1D8B008698DC /* IGAppDelegate.h */ = {isa = PBXFileReference; lastKnownFileType = sourcecode.c.h; path = IGAppDelegate.h; sourceTree = "<group>"; };
		321D8C51145F1D8B008698DC /* IGAppDelegate.m */ = {isa = PBXFileReference; lastKnownFileType = sourcecode.c.objc; path = IGAppDelegate.m; sourceTree = "<group>"; };
		321F218A15B9FD8C00610DC0 /* more-info-button.png */ = {isa = PBXFileReference; lastKnownFileType = image.png; path = "more-info-button.png"; sourceTree = "<group>"; };
		321F218B15B9FD8D00610DC0 /* more-info-button@2x.png */ = {isa = PBXFileReference; lastKnownFileType = image.png; path = "more-info-button@2x.png"; sourceTree = "<group>"; };
		3222F7C3170B57F900E8E76E /* IGSettingsViewController.h */ = {isa = PBXFileReference; fileEncoding = 4; lastKnownFileType = sourcecode.c.h; path = IGSettingsViewController.h; sourceTree = "<group>"; };
		3222F7C4170B57F900E8E76E /* IGSettingsViewController.m */ = {isa = PBXFileReference; fileEncoding = 4; lastKnownFileType = sourcecode.c.objc; path = IGSettingsViewController.m; sourceTree = "<group>"; };
		3222F7C6170F6B4000E8E76E /* Settings.bundle */ = {isa = PBXFileReference; lastKnownFileType = "wrapper.plug-in"; path = Settings.bundle; sourceTree = "<group>"; };
		32282D5715CDE8C50005E3B6 /* Default.png */ = {isa = PBXFileReference; lastKnownFileType = image.png; path = Default.png; sourceTree = "<group>"; };
		32282D5815CDE8C60005E3B6 /* Default@2x.png */ = {isa = PBXFileReference; lastKnownFileType = image.png; path = "Default@2x.png"; sourceTree = "<group>"; };
		32282D5B15CDE9FD0005E3B6 /* icon-57.png */ = {isa = PBXFileReference; lastKnownFileType = image.png; path = "icon-57.png"; sourceTree = "<group>"; };
		32282D5C15CDE9FE0005E3B6 /* icon-114.png */ = {isa = PBXFileReference; lastKnownFileType = image.png; path = "icon-114.png"; sourceTree = "<group>"; };
		32282D6315CDEB680005E3B6 /* icon-29.png */ = {isa = PBXFileReference; lastKnownFileType = image.png; path = "icon-29.png"; sourceTree = "<group>"; };
		32282D6415CDEB690005E3B6 /* icon-58.png */ = {isa = PBXFileReference; lastKnownFileType = image.png; path = "icon-58.png"; sourceTree = "<group>"; };
		322AD78C153613BA00988B31 /* MediaPlayer.framework */ = {isa = PBXFileReference; lastKnownFileType = wrapper.framework; name = MediaPlayer.framework; path = System/Library/Frameworks/MediaPlayer.framework; sourceTree = SDKROOT; };
		322D32BA17257568004856E9 /* SITMOSTests.octest */ = {isa = PBXFileReference; explicitFileType = wrapper.cfbundle; includeInIndex = 0; path = SITMOSTests.octest; sourceTree = BUILT_PRODUCTS_DIR; };
		322D32BB17257568004856E9 /* SenTestingKit.framework */ = {isa = PBXFileReference; lastKnownFileType = wrapper.framework; name = SenTestingKit.framework; path = Library/Frameworks/SenTestingKit.framework; sourceTree = DEVELOPER_DIR; };
		322D32CF17257637004856E9 /* en */ = {isa = PBXFileReference; lastKnownFileType = text.plist.strings; name = en; path = InfoPlist.strings; sourceTree = "<group>"; };
		322D32D017257637004856E9 /* SITMOSTests-Info.plist */ = {isa = PBXFileReference; fileEncoding = 4; lastKnownFileType = text.plist.xml; path = "SITMOSTests-Info.plist"; sourceTree = "<group>"; };
		322D32D117257637004856E9 /* SITMOSTests-Prefix.pch */ = {isa = PBXFileReference; fileEncoding = 4; lastKnownFileType = sourcecode.c.h; path = "SITMOSTests-Prefix.pch"; sourceTree = "<group>"; };
		322D32DB17257A1F004856E9 /* IGPodcastFeedParserTests.m */ = {isa = PBXFileReference; fileEncoding = 4; lastKnownFileType = sourcecode.c.objc; path = IGPodcastFeedParserTests.m; sourceTree = "<group>"; };
		322D32E21725BF7B004856E9 /* SITMOS-v1.2.xcdatamodel */ = {isa = PBXFileReference; lastKnownFileType = wrapper.xcdatamodel; path = "SITMOS-v1.2.xcdatamodel"; sourceTree = "<group>"; };
		3235957315755737007D5D90 /* audio-player-lower-controls-bg.png */ = {isa = PBXFileReference; lastKnownFileType = image.png; path = "audio-player-lower-controls-bg.png"; sourceTree = "<group>"; };
		3235957415755737007D5D90 /* audio-player-lower-controls-bg@2x.png */ = {isa = PBXFileReference; lastKnownFileType = image.png; path = "audio-player-lower-controls-bg@2x.png"; sourceTree = "<group>"; };
		32392333167F5A6C00301439 /* EGORefreshTableHeaderView.h */ = {isa = PBXFileReference; fileEncoding = 4; lastKnownFileType = sourcecode.c.h; path = EGORefreshTableHeaderView.h; sourceTree = "<group>"; };
		32392334167F5A6C00301439 /* EGORefreshTableHeaderView.m */ = {isa = PBXFileReference; fileEncoding = 4; lastKnownFileType = sourcecode.c.objc; path = EGORefreshTableHeaderView.m; sourceTree = "<group>"; };
		32392391167F5C3200301439 /* MJPopupBackgroundView.h */ = {isa = PBXFileReference; fileEncoding = 4; lastKnownFileType = sourcecode.c.h; path = MJPopupBackgroundView.h; sourceTree = "<group>"; };
		32392392167F5C3200301439 /* MJPopupBackgroundView.m */ = {isa = PBXFileReference; fileEncoding = 4; lastKnownFileType = sourcecode.c.objc; path = MJPopupBackgroundView.m; sourceTree = "<group>"; };
		32392393167F5C3200301439 /* UIViewController+MJPopupViewController.h */ = {isa = PBXFileReference; fileEncoding = 4; lastKnownFileType = sourcecode.c.h; path = "UIViewController+MJPopupViewController.h"; sourceTree = "<group>"; };
		32392394167F5C3200301439 /* UIViewController+MJPopupViewController.m */ = {isa = PBXFileReference; fileEncoding = 4; lastKnownFileType = sourcecode.c.objc; path = "UIViewController+MJPopupViewController.m"; sourceTree = "<group>"; };
		32392398167F5C9100301439 /* NSDate+Helper.h */ = {isa = PBXFileReference; fileEncoding = 4; lastKnownFileType = sourcecode.c.h; path = "NSDate+Helper.h"; sourceTree = "<group>"; };
		32392399167F5C9100301439 /* NSDate+Helper.m */ = {isa = PBXFileReference; fileEncoding = 4; lastKnownFileType = sourcecode.c.objc; path = "NSDate+Helper.m"; sourceTree = "<group>"; };
		323923A4167F5DD800301439 /* TSLibraryImport.h */ = {isa = PBXFileReference; fileEncoding = 4; lastKnownFileType = sourcecode.c.h; path = TSLibraryImport.h; sourceTree = "<group>"; };
		323923A5167F5DD800301439 /* TSLibraryImport.m */ = {isa = PBXFileReference; fileEncoding = 4; lastKnownFileType = sourcecode.c.objc; path = TSLibraryImport.m; sourceTree = "<group>"; };
		323923A8167F5E0500301439 /* RIButtonItem.h */ = {isa = PBXFileReference; fileEncoding = 4; lastKnownFileType = sourcecode.c.h; path = RIButtonItem.h; sourceTree = "<group>"; };
		323923A9167F5E0500301439 /* RIButtonItem.m */ = {isa = PBXFileReference; fileEncoding = 4; lastKnownFileType = sourcecode.c.objc; path = RIButtonItem.m; sourceTree = "<group>"; };
		323923AA167F5E0500301439 /* UIActionSheet+Blocks.h */ = {isa = PBXFileReference; fileEncoding = 4; lastKnownFileType = sourcecode.c.h; path = "UIActionSheet+Blocks.h"; sourceTree = "<group>"; };
		323923AB167F5E0500301439 /* UIActionSheet+Blocks.m */ = {isa = PBXFileReference; fileEncoding = 4; lastKnownFileType = sourcecode.c.objc; path = "UIActionSheet+Blocks.m"; sourceTree = "<group>"; };
		323923AC167F5E0500301439 /* UIAlertView+Blocks.h */ = {isa = PBXFileReference; fileEncoding = 4; lastKnownFileType = sourcecode.c.h; path = "UIAlertView+Blocks.h"; sourceTree = "<group>"; };
		323923AD167F5E0500301439 /* UIAlertView+Blocks.m */ = {isa = PBXFileReference; fileEncoding = 4; lastKnownFileType = sourcecode.c.objc; path = "UIAlertView+Blocks.m"; sourceTree = "<group>"; };
		323D5A3316B824270074E91F /* UIApplication+LocalNotificationHelper.h */ = {isa = PBXFileReference; fileEncoding = 4; lastKnownFileType = sourcecode.c.h; path = "UIApplication+LocalNotificationHelper.h"; sourceTree = "<group>"; };
		323D5A3416B824270074E91F /* UIApplication+LocalNotificationHelper.m */ = {isa = PBXFileReference; fileEncoding = 4; lastKnownFileType = sourcecode.c.objc; path = "UIApplication+LocalNotificationHelper.m"; sourceTree = "<group>"; };
		323D5A3716B842770074E91F /* SystemConfiguration.framework */ = {isa = PBXFileReference; lastKnownFileType = wrapper.framework; name = SystemConfiguration.framework; path = System/Library/Frameworks/SystemConfiguration.framework; sourceTree = SDKROOT; };
		323D5A3916B842F30074E91F /* MobileCoreServices.framework */ = {isa = PBXFileReference; lastKnownFileType = wrapper.framework; name = MobileCoreServices.framework; path = System/Library/Frameworks/MobileCoreServices.framework; sourceTree = SDKROOT; };
		324D0392164071D200D0143C /* TDSlider.h */ = {isa = PBXFileReference; fileEncoding = 4; lastKnownFileType = sourcecode.c.h; path = TDSlider.h; sourceTree = "<group>"; };
		324D0393164071D200D0143C /* TDSlider.m */ = {isa = PBXFileReference; fileEncoding = 4; lastKnownFileType = sourcecode.c.objc; path = TDSlider.m; sourceTree = "<group>"; };
		324D0396164450DA00D0143C /* download-episode-pause-button.png */ = {isa = PBXFileReference; lastKnownFileType = image.png; path = "download-episode-pause-button.png"; sourceTree = "<group>"; };
		324D0397164450DA00D0143C /* download-episode-pause-button@2x.png */ = {isa = PBXFileReference; lastKnownFileType = image.png; path = "download-episode-pause-button@2x.png"; sourceTree = "<group>"; };
		32523DEC1688BFF0006E9FFB /* IGHTTPClient.h */ = {isa = PBXFileReference; fileEncoding = 4; lastKnownFileType = sourcecode.c.h; path = IGHTTPClient.h; sourceTree = "<group>"; };
		32523DED1688BFF0006E9FFB /* IGHTTPClient.m */ = {isa = PBXFileReference; fileEncoding = 4; lastKnownFileType = sourcecode.c.objc; path = IGHTTPClient.m; sourceTree = "<group>"; };
		32523DEF168B540F006E9FFB /* IGRSSXMLRequestOperation.h */ = {isa = PBXFileReference; fileEncoding = 4; lastKnownFileType = sourcecode.c.h; path = IGRSSXMLRequestOperation.h; sourceTree = "<group>"; };
		32523DF0168B540F006E9FFB /* IGRSSXMLRequestOperation.m */ = {isa = PBXFileReference; fileEncoding = 4; lastKnownFileType = sourcecode.c.objc; path = IGRSSXMLRequestOperation.m; sourceTree = "<group>"; };
		32523DF2168E4277006E9FFB /* IGPodcastFeedParser.h */ = {isa = PBXFileReference; fileEncoding = 4; lastKnownFileType = sourcecode.c.h; path = IGPodcastFeedParser.h; sourceTree = "<group>"; };
		32523DF3168E4277006E9FFB /* IGPodcastFeedParser.m */ = {isa = PBXFileReference; fileEncoding = 4; lastKnownFileType = sourcecode.c.objc; path = IGPodcastFeedParser.m; sourceTree = "<group>"; };
		32523E68169B2747006E9FFB /* libz.dylib */ = {isa = PBXFileReference; lastKnownFileType = "compiled.mach-o.dylib"; name = libz.dylib; path = usr/lib/libz.dylib; sourceTree = SDKROOT; };
		325920A415DC1B5700345666 /* play-button.png */ = {isa = PBXFileReference; lastKnownFileType = image.png; path = "play-button.png"; sourceTree = "<group>"; };
		325920A515DC1B5700345666 /* play-button@2x.png */ = {isa = PBXFileReference; lastKnownFileType = image.png; path = "play-button@2x.png"; sourceTree = "<group>"; };
		325920A815DC23D700345666 /* pause-button.png */ = {isa = PBXFileReference; lastKnownFileType = image.png; path = "pause-button.png"; sourceTree = "<group>"; };
		325920A915DC23D700345666 /* pause-button@2x.png */ = {isa = PBXFileReference; lastKnownFileType = image.png; path = "pause-button@2x.png"; sourceTree = "<group>"; };
		3263DEA11756A06900D74A1F /* UIViewController+MediaPlayer.h */ = {isa = PBXFileReference; fileEncoding = 4; lastKnownFileType = sourcecode.c.h; path = "UIViewController+MediaPlayer.h"; sourceTree = "<group>"; };
		3263DEA21756A06900D74A1F /* UIViewController+MediaPlayer.m */ = {isa = PBXFileReference; fileEncoding = 4; lastKnownFileType = sourcecode.c.objc; path = "UIViewController+MediaPlayer.m"; sourceTree = "<group>"; };
		3263DEA81757587300D74A1F /* nav-bar-land-bg.png */ = {isa = PBXFileReference; lastKnownFileType = image.png; path = "nav-bar-land-bg.png"; sourceTree = "<group>"; };
		3263DEA91757587300D74A1F /* nav-bar-land-bg@2x.png */ = {isa = PBXFileReference; lastKnownFileType = image.png; path = "nav-bar-land-bg@2x.png"; sourceTree = "<group>"; };
		3263DEAE1757611800D74A1F /* nav-button-land.png */ = {isa = PBXFileReference; lastKnownFileType = image.png; path = "nav-button-land.png"; sourceTree = "<group>"; };
		3263DEAF1757611800D74A1F /* nav-button-land@2x.png */ = {isa = PBXFileReference; lastKnownFileType = image.png; path = "nav-button-land@2x.png"; sourceTree = "<group>"; };
		3263DEB2175764D300D74A1F /* nav-button-highlighted-port.png */ = {isa = PBXFileReference; lastKnownFileType = image.png; path = "nav-button-highlighted-port.png"; sourceTree = "<group>"; };
		3263DEB3175764D300D74A1F /* nav-button-highlighted-port@2x.png */ = {isa = PBXFileReference; lastKnownFileType = image.png; path = "nav-button-highlighted-port@2x.png"; sourceTree = "<group>"; };
		3263DEB6175765F800D74A1F /* nav-button-highlighted-land.png */ = {isa = PBXFileReference; lastKnownFileType = image.png; path = "nav-button-highlighted-land.png"; sourceTree = "<group>"; };
		3263DEB7175765F800D74A1F /* nav-button-highlighted-land@2x.png */ = {isa = PBXFileReference; lastKnownFileType = image.png; path = "nav-button-highlighted-land@2x.png"; sourceTree = "<group>"; };
		32678CED147EDE7C007BD110 /* IGEpisodeCell.h */ = {isa = PBXFileReference; fileEncoding = 4; lastKnownFileType = sourcecode.c.h; path = IGEpisodeCell.h; sourceTree = "<group>"; };
		32678CEE147EDE7C007BD110 /* IGEpisodeCell.m */ = {isa = PBXFileReference; fileEncoding = 4; lastKnownFileType = sourcecode.c.objc; path = IGEpisodeCell.m; sourceTree = "<group>"; };
		327766D4160CD61700D7DEF4 /* SITMOS-v1.0b1.xcdatamodel */ = {isa = PBXFileReference; lastKnownFileType = wrapper.xcdatamodel; path = "SITMOS-v1.0b1.xcdatamodel"; sourceTree = "<group>"; };
		327E9FBD1558F96300612C8B /* AVFoundation.framework */ = {isa = PBXFileReference; lastKnownFileType = wrapper.framework; name = AVFoundation.framework; path = System/Library/Frameworks/AVFoundation.framework; sourceTree = SDKROOT; };
		327E9FC11559329A00612C8B /* CoreMedia.framework */ = {isa = PBXFileReference; lastKnownFileType = wrapper.framework; name = CoreMedia.framework; path = System/Library/Frameworks/CoreMedia.framework; sourceTree = SDKROOT; };
		3285E113156C43A0009E128A /* en */ = {isa = PBXFileReference; lastKnownFileType = text.plist.strings; name = en; path = en.lproj/Localizable.strings; sourceTree = "<group>"; };
		328D70F814FEADE70089D78A /* MainStoryboard.storyboard */ = {isa = PBXFileReference; fileEncoding = 4; lastKnownFileType = file.storyboard; path = MainStoryboard.storyboard; sourceTree = "<group>"; };
		328E2769153DDFB0005AE70B /* IGMediaPlayer.h */ = {isa = PBXFileReference; fileEncoding = 4; lastKnownFileType = sourcecode.c.h; name = IGMediaPlayer.h; path = SITMOS/IGMediaPlayer.h; sourceTree = "<group>"; };
		328E276A153DDFB0005AE70B /* IGMediaPlayer.m */ = {isa = PBXFileReference; fileEncoding = 4; lastKnownFileType = sourcecode.c.objc; name = IGMediaPlayer.m; path = SITMOS/IGMediaPlayer.m; sourceTree = "<group>"; };
		3290193C15D18A4A00104FD8 /* IGDefines.h */ = {isa = PBXFileReference; fileEncoding = 4; lastKnownFileType = sourcecode.c.h; path = IGDefines.h; sourceTree = "<group>"; };
		3290193D15D18A4A00104FD8 /* IGDefines.m */ = {isa = PBXFileReference; fileEncoding = 4; lastKnownFileType = sourcecode.c.objc; path = IGDefines.m; sourceTree = "<group>"; };
		329272A514A75F0800119D48 /* IGAudioPlayerViewController.h */ = {isa = PBXFileReference; fileEncoding = 4; lastKnownFileType = sourcecode.c.h; path = IGAudioPlayerViewController.h; sourceTree = "<group>"; };
		329272A614A75F0800119D48 /* IGAudioPlayerViewController.m */ = {isa = PBXFileReference; fileEncoding = 4; lastKnownFileType = sourcecode.c.objc; path = IGAudioPlayerViewController.m; sourceTree = "<group>"; };
		32934D10149E66C400E939C0 /* QuartzCore.framework */ = {isa = PBXFileReference; lastKnownFileType = wrapper.framework; name = QuartzCore.framework; path = System/Library/Frameworks/QuartzCore.framework; sourceTree = SDKROOT; };
		3293D63D148BBC090052B427 /* CoreData.framework */ = {isa = PBXFileReference; lastKnownFileType = wrapper.framework; name = CoreData.framework; path = System/Library/Frameworks/CoreData.framework; sourceTree = SDKROOT; };
		3293D646148BBCF20052B427 /* SITMOS.xcdatamodel */ = {isa = PBXFileReference; lastKnownFileType = wrapper.xcdatamodel; path = SITMOS.xcdatamodel; sourceTree = "<group>"; };
		3298868B1461DF85006B7BDE /* IGEpisodesListViewController.h */ = {isa = PBXFileReference; fileEncoding = 4; lastKnownFileType = sourcecode.c.h; path = IGEpisodesListViewController.h; sourceTree = "<group>"; };
		3298868C1461DF85006B7BDE /* IGEpisodesListViewController.m */ = {isa = PBXFileReference; fileEncoding = 4; lastKnownFileType = sourcecode.c.objc; path = IGEpisodesListViewController.m; sourceTree = "<group>"; };
		329E458316EE542D00663CE0 /* SITMOS-v1.1.xcdatamodel */ = {isa = PBXFileReference; lastKnownFileType = wrapper.xcdatamodel; path = "SITMOS-v1.1.xcdatamodel"; sourceTree = "<group>"; };
		32A2E123160792BF005377FF /* Default-568h@2x.png */ = {isa = PBXFileReference; lastKnownFileType = image.png; path = "Default-568h@2x.png"; sourceTree = "<group>"; };
		32A3C5C515C99FF50083D165 /* audio-player-bg.png */ = {isa = PBXFileReference; lastKnownFileType = image.png; path = "audio-player-bg.png"; sourceTree = "<group>"; };
		32A3C5C615C99FF60083D165 /* audio-player-bg@2x.png */ = {isa = PBXFileReference; lastKnownFileType = image.png; path = "audio-player-bg@2x.png"; sourceTree = "<group>"; };
		32BF7B1A16DA9E9F006B2459 /* IGSettingsSkippingForwardViewController.h */ = {isa = PBXFileReference; fileEncoding = 4; lastKnownFileType = sourcecode.c.h; path = IGSettingsSkippingForwardViewController.h; sourceTree = "<group>"; };
		32BF7B1B16DA9E9F006B2459 /* IGSettingsSkippingForwardViewController.m */ = {isa = PBXFileReference; fileEncoding = 4; lastKnownFileType = sourcecode.c.objc; path = IGSettingsSkippingForwardViewController.m; sourceTree = "<group>"; };
		32BF7B1D16DBEE3B006B2459 /* skipping-backward-button.png */ = {isa = PBXFileReference; lastKnownFileType = image.png; path = "skipping-backward-button.png"; sourceTree = "<group>"; };
		32BF7B1E16DBEE3B006B2459 /* skipping-backward-button@2x.png */ = {isa = PBXFileReference; lastKnownFileType = image.png; path = "skipping-backward-button@2x.png"; sourceTree = "<group>"; };
		32BF7B1F16DBEE3B006B2459 /* skipping-forward-button.png */ = {isa = PBXFileReference; lastKnownFileType = image.png; path = "skipping-forward-button.png"; sourceTree = "<group>"; };
		32BF7B2016DBEE3B006B2459 /* skipping-forward-button@2x.png */ = {isa = PBXFileReference; lastKnownFileType = image.png; path = "skipping-forward-button@2x.png"; sourceTree = "<group>"; };
		32C1875F172D341000921169 /* IGRSSXMLRequestOperationTests.m */ = {isa = PBXFileReference; fileEncoding = 4; lastKnownFileType = sourcecode.c.objc; path = IGRSSXMLRequestOperationTests.m; sourceTree = "<group>"; };
		32C1876C172DA8A400921169 /* IGMediaPlayerViewController.h */ = {isa = PBXFileReference; fileEncoding = 4; lastKnownFileType = sourcecode.c.h; path = IGMediaPlayerViewController.h; sourceTree = "<group>"; };
		32C1876D172DA8A400921169 /* IGMediaPlayerViewController.m */ = {isa = PBXFileReference; fileEncoding = 4; lastKnownFileType = sourcecode.c.objc; path = IGMediaPlayerViewController.m; sourceTree = "<group>"; };
		32C18774172E9BE100921169 /* show-audio-player-icon.png */ = {isa = PBXFileReference; lastKnownFileType = image.png; path = "show-audio-player-icon.png"; sourceTree = "<group>"; };
		32C18775172E9BE100921169 /* show-audio-player-icon@2x.png */ = {isa = PBXFileReference; lastKnownFileType = image.png; path = "show-audio-player-icon@2x.png"; sourceTree = "<group>"; };
		32C18778172E9E8500921169 /* hide-media-player-icon.png */ = {isa = PBXFileReference; lastKnownFileType = image.png; path = "hide-media-player-icon.png"; sourceTree = "<group>"; };
		32C18779172E9E8500921169 /* hide-media-player-icon@2x.png */ = {isa = PBXFileReference; lastKnownFileType = image.png; path = "hide-media-player-icon@2x.png"; sourceTree = "<group>"; };
		32D0092D16EA830A00EAEA81 /* IGMediaPlayerAsset.h */ = {isa = PBXFileReference; fileEncoding = 4; lastKnownFileType = sourcecode.c.h; name = IGMediaPlayerAsset.h; path = SITMOS/IGMediaPlayerAsset.h; sourceTree = "<group>"; };
		32D0092E16EA830A00EAEA81 /* IGMediaPlayerAsset.m */ = {isa = PBXFileReference; fileEncoding = 4; lastKnownFileType = sourcecode.c.objc; name = IGMediaPlayerAsset.m; path = SITMOS/IGMediaPlayerAsset.m; sourceTree = "<group>"; };
		32E6BB95152A08EA00C78815 /* AudioToolbox.framework */ = {isa = PBXFileReference; lastKnownFileType = wrapper.framework; name = AudioToolbox.framework; path = System/Library/Frameworks/AudioToolbox.framework; sourceTree = SDKROOT; };
		32EA27AD16D406D000BB528E /* TDNotificationPanel.h */ = {isa = PBXFileReference; fileEncoding = 4; lastKnownFileType = sourcecode.c.h; path = TDNotificationPanel.h; sourceTree = "<group>"; };
		32EA27AE16D406D000BB528E /* TDNotificationPanel.m */ = {isa = PBXFileReference; fileEncoding = 4; lastKnownFileType = sourcecode.c.objc; path = TDNotificationPanel.m; sourceTree = "<group>"; };
		32EA27B116DA71E300BB528E /* IGSettingsSkippingBackwardViewController.h */ = {isa = PBXFileReference; fileEncoding = 4; lastKnownFileType = sourcecode.c.h; path = IGSettingsSkippingBackwardViewController.h; sourceTree = "<group>"; };
		32EA27B216DA71E300BB528E /* IGSettingsSkippingBackwardViewController.m */ = {isa = PBXFileReference; fileEncoding = 4; lastKnownFileType = sourcecode.c.objc; path = IGSettingsSkippingBackwardViewController.m; sourceTree = "<group>"; };
		32EDEE5216011AB2009A047A /* download-episode-resume-button.png */ = {isa = PBXFileReference; lastKnownFileType = image.png; path = "download-episode-resume-button.png"; sourceTree = "<group>"; };
		32EDEE5316011AB6009A047A /* download-episode-resume-button@2x.png */ = {isa = PBXFileReference; lastKnownFileType = image.png; path = "download-episode-resume-button@2x.png"; sourceTree = "<group>"; };
		32F0239E1754FF4000A91E4B /* IGMockHTTPClient.h */ = {isa = PBXFileReference; fileEncoding = 4; lastKnownFileType = sourcecode.c.h; path = IGMockHTTPClient.h; sourceTree = "<group>"; };
		32F0239F1754FF4000A91E4B /* IGMockHTTPClient.m */ = {isa = PBXFileReference; fileEncoding = 4; lastKnownFileType = sourcecode.c.objc; path = IGMockHTTPClient.m; sourceTree = "<group>"; };
		32F023A41755097A00A91E4B /* IGVideoPlayerViewController.h */ = {isa = PBXFileReference; fileEncoding = 4; lastKnownFileType = sourcecode.c.h; path = IGVideoPlayerViewController.h; sourceTree = "<group>"; };
		32F023A51755097A00A91E4B /* IGVideoPlayerViewController.m */ = {isa = PBXFileReference; fileEncoding = 4; lastKnownFileType = sourcecode.c.objc; path = IGVideoPlayerViewController.m; sourceTree = "<group>"; };
		32FBC4C11610D68B005078EC /* IGSettingsEpisodesDeleteViewController.h */ = {isa = PBXFileReference; fileEncoding = 4; lastKnownFileType = sourcecode.c.h; path = IGSettingsEpisodesDeleteViewController.h; sourceTree = "<group>"; };
		32FBC4C21610D68B005078EC /* IGSettingsEpisodesDeleteViewController.m */ = {isa = PBXFileReference; fileEncoding = 4; lastKnownFileType = sourcecode.c.objc; path = IGSettingsEpisodesDeleteViewController.m; sourceTree = "<group>"; };
		32FBC4EE1618DE66005078EC /* IGTestFlight.h */ = {isa = PBXFileReference; fileEncoding = 4; lastKnownFileType = sourcecode.c.h; path = IGTestFlight.h; sourceTree = "<group>"; };
		32FBC4EF1618DE66005078EC /* IGTestFlight.m */ = {isa = PBXFileReference; fileEncoding = 4; lastKnownFileType = sourcecode.c.objc; path = IGTestFlight.m; sourceTree = "<group>"; };
		32FBC54C1619AAA5005078EC /* IGInitialSetup.h */ = {isa = PBXFileReference; fileEncoding = 4; lastKnownFileType = sourcecode.c.h; path = IGInitialSetup.h; sourceTree = "<group>"; };
		32FBC54D1619AAA5005078EC /* IGInitialSetup.m */ = {isa = PBXFileReference; fileEncoding = 4; lastKnownFileType = sourcecode.c.objc; path = IGInitialSetup.m; sourceTree = "<group>"; };
		32FEA284153DF03400F17ABE /* IGEpisode.h */ = {isa = PBXFileReference; lastKnownFileType = sourcecode.c.h; path = IGEpisode.h; sourceTree = "<group>"; };
		32FEA285153DF03400F17ABE /* IGEpisode.m */ = {isa = PBXFileReference; lastKnownFileType = sourcecode.c.objc; path = IGEpisode.m; sourceTree = "<group>"; };
		6101FC8C011D44EA8100635E /* libPods.a */ = {isa = PBXFileReference; explicitFileType = archive.ar; includeInIndex = 0; path = libPods.a; sourceTree = BUILT_PRODUCTS_DIR; };
		73721471D14F4C539F2518FF /* libPods-SITMOSTests.a */ = {isa = PBXFileReference; explicitFileType = archive.ar; includeInIndex = 0; path = "libPods-SITMOSTests.a"; sourceTree = BUILT_PRODUCTS_DIR; };
		C9F936B0D6EB4FA0ADA3FC95 /* Pods-SITMOSTests.xcconfig */ = {isa = PBXFileReference; includeInIndex = 1; lastKnownFileType = text.xcconfig; name = "Pods-SITMOSTests.xcconfig"; path = "Pods/Pods-SITMOSTests.xcconfig"; sourceTree = SOURCE_ROOT; };
		D3F8EE7222394631B1848C25 /* Pods.xcconfig */ = {isa = PBXFileReference; includeInIndex = 1; lastKnownFileType = text.xcconfig; name = Pods.xcconfig; path = Pods/Pods.xcconfig; sourceTree = SOURCE_ROOT; };
/* End PBXFileReference section */

/* Begin PBXFrameworksBuildPhase section */
		321D8C3A145F1D8B008698DC /* Frameworks */ = {
			isa = PBXFrameworksBuildPhase;
			buildActionMask = 2147483647;
			files = (
				323D5A3816B842770074E91F /* SystemConfiguration.framework in Frameworks */,
				32523E69169B2748006E9FFB /* libz.dylib in Frameworks */,
				327E9FC21559329A00612C8B /* CoreMedia.framework in Frameworks */,
				327E9FBE1558F96400612C8B /* AVFoundation.framework in Frameworks */,
				322AD78D153613BA00988B31 /* MediaPlayer.framework in Frameworks */,
				32E6BB96152A08EA00C78815 /* AudioToolbox.framework in Frameworks */,
				32934D11149E66C400E939C0 /* QuartzCore.framework in Frameworks */,
				3293D63E148BBC090052B427 /* CoreData.framework in Frameworks */,
				321D8C42145F1D8B008698DC /* UIKit.framework in Frameworks */,
				321D8C44145F1D8B008698DC /* Foundation.framework in Frameworks */,
				321D8C46145F1D8B008698DC /* CoreGraphics.framework in Frameworks */,
				32F0C80D16F73501009BC0BF /* MobileCoreServices.framework in Frameworks */,
				FE00210AA649423E8B08DC04 /* libPods.a in Frameworks */,
			);
			runOnlyForDeploymentPostprocessing = 0;
		};
		322D32B617257568004856E9 /* Frameworks */ = {
			isa = PBXFrameworksBuildPhase;
			buildActionMask = 2147483647;
			files = (
				322D32BC17257568004856E9 /* SenTestingKit.framework in Frameworks */,
				322D32BD17257568004856E9 /* UIKit.framework in Frameworks */,
				322D32BE17257568004856E9 /* Foundation.framework in Frameworks */,
				7B96C2E08C3F4D3C8C09BACB /* libPods-SITMOSTests.a in Frameworks */,
				322D32E11725923E004856E9 /* CoreData.framework in Frameworks */,
				32054B0E172C6B2D00F2562D /* libPods.a in Frameworks */,
				32054B0F172C6B3C00F2562D /* SystemConfiguration.framework in Frameworks */,
				32054B10172C6B3F00F2562D /* MobileCoreServices.framework in Frameworks */,
			);
			runOnlyForDeploymentPostprocessing = 0;
		};
/* End PBXFrameworksBuildPhase section */

/* Begin PBXGroup section */
		320602F41754C0BE00301459 /* Networking */ = {
			isa = PBXGroup;
			children = (
				32F0239E1754FF4000A91E4B /* IGMockHTTPClient.h */,
				32F0239F1754FF4000A91E4B /* IGMockHTTPClient.m */,
				320602F21754C0B700301459 /* IGHTTPClientTests.m */,
				32C1875F172D341000921169 /* IGRSSXMLRequestOperationTests.m */,
			);
			name = Networking;
			sourceTree = "<group>";
		};
		321D8C32145F1D8B008698DC = {
			isa = PBXGroup;
			children = (
				321D8C47145F1D8B008698DC /* SITMOS */,
				322D96BD162B138900D7D5D6 /* Vendor */,
				322D32BF17257568004856E9 /* SITMOSTests */,
				321D8C40145F1D8B008698DC /* Frameworks */,
				321D8C3E145F1D8B008698DC /* Products */,
				D3F8EE7222394631B1848C25 /* Pods.xcconfig */,
				C9F936B0D6EB4FA0ADA3FC95 /* Pods-SITMOSTests.xcconfig */,
			);
			sourceTree = "<group>";
		};
		321D8C3E145F1D8B008698DC /* Products */ = {
			isa = PBXGroup;
			children = (
				321D8C3D145F1D8B008698DC /* SITMOS.app */,
				322D32BA17257568004856E9 /* SITMOSTests.octest */,
			);
			name = Products;
			sourceTree = "<group>";
		};
		321D8C40145F1D8B008698DC /* Frameworks */ = {
			isa = PBXGroup;
			children = (
				32E6BB95152A08EA00C78815 /* AudioToolbox.framework */,
				327E9FBD1558F96300612C8B /* AVFoundation.framework */,
				3293D63D148BBC090052B427 /* CoreData.framework */,
				321D8C45145F1D8B008698DC /* CoreGraphics.framework */,
				327E9FC11559329A00612C8B /* CoreMedia.framework */,
				321D8C43145F1D8B008698DC /* Foundation.framework */,
				32523E68169B2747006E9FFB /* libz.dylib */,
				322AD78C153613BA00988B31 /* MediaPlayer.framework */,
				323D5A3916B842F30074E91F /* MobileCoreServices.framework */,
				32934D10149E66C400E939C0 /* QuartzCore.framework */,
				323D5A3716B842770074E91F /* SystemConfiguration.framework */,
				321D8C41145F1D8B008698DC /* UIKit.framework */,
				6101FC8C011D44EA8100635E /* libPods.a */,
				322D32BB17257568004856E9 /* SenTestingKit.framework */,
				73721471D14F4C539F2518FF /* libPods-SITMOSTests.a */,
			);
			name = Frameworks;
			sourceTree = "<group>";
		};
		321D8C47145F1D8B008698DC /* SITMOS */ = {
			isa = PBXGroup;
			children = (
				321D8C50145F1D8B008698DC /* IGAppDelegate.h */,
				321D8C51145F1D8B008698DC /* IGAppDelegate.m */,
				32FBC54C1619AAA5005078EC /* IGInitialSetup.h */,
				32FBC54D1619AAA5005078EC /* IGInitialSetup.m */,
				329886871461DE9C006B7BDE /* View Controllers */,
				32523DEB1688BF65006E9FFB /* Networking */,
				32678CEC147EB939007BD110 /* Cells */,
				328E2767153DDF91005AE70B /* MediaPlayer */,
				3293D64B148BC3950052B427 /* Entities */,
				3293D644148BBCD90052B427 /* Model */,
				3263DE991756842000D74A1F /* Categories */,
				321D8C48145F1D8B008698DC /* Supporting Files */,
			);
			path = SITMOS;
			sourceTree = "<group>";
		};
		321D8C48145F1D8B008698DC /* Supporting Files */ = {
			isa = PBXGroup;
			children = (
				32732B49156C41A800DCF77C /* Graphics */,
				321D8C49145F1D8B008698DC /* SITMOS-Info.plist */,
				3285E112156C43A0009E128A /* Localizable.strings */,
				321D8C4A145F1D8B008698DC /* InfoPlist.strings */,
				321D8C4D145F1D8B008698DC /* main.m */,
				321D8C4F145F1D8B008698DC /* SITMOS-Prefix.pch */,
				3290193C15D18A4A00104FD8 /* IGDefines.h */,
				3290193D15D18A4A00104FD8 /* IGDefines.m */,
				32FBC4EE1618DE66005078EC /* IGTestFlight.h */,
				32FBC4EF1618DE66005078EC /* IGTestFlight.m */,
				3222F7C6170F6B4000E8E76E /* Settings.bundle */,
			);
			name = "Supporting Files";
			sourceTree = "<group>";
		};
		322D32BF17257568004856E9 /* SITMOSTests */ = {
			isa = PBXGroup;
			children = (
				320602F41754C0BE00301459 /* Networking */,
				322D32DB17257A1F004856E9 /* IGPodcastFeedParserTests.m */,
				32054A851729D19B00F2562D /* IGEpisodeTests.m */,
				322D32D41725763D004856E9 /* Supporting Files */,
			);
			path = SITMOSTests;
			sourceTree = "<group>";
		};
		322D32CD17257637004856E9 /* en.lproj */ = {
			isa = PBXGroup;
			children = (
				322D32CE17257637004856E9 /* InfoPlist.strings */,
			);
			path = en.lproj;
			sourceTree = "<group>";
		};
		322D32D41725763D004856E9 /* Supporting Files */ = {
			isa = PBXGroup;
			children = (
				322D32CD17257637004856E9 /* en.lproj */,
				322D32D017257637004856E9 /* SITMOSTests-Info.plist */,
				322D32D117257637004856E9 /* SITMOSTests-Prefix.pch */,
			);
			name = "Supporting Files";
			sourceTree = "<group>";
		};
		322D96BD162B138900D7D5D6 /* Vendor */ = {
			isa = PBXGroup;
			children = (
				32392332167F5A6C00301439 /* EGORefreshTableHeaderView */,
				32392390167F5C3200301439 /* MJPopupViewController */,
				32392397167F5C9100301439 /* NSDate-Helper */,
				32EA27AC16D406D000BB528E /* TDNotificationPanel */,
				324D0391164071D200D0143C /* TDSlider */,
				323923A3167F5DD800301439 /* TSLibraryImport */,
				323923A7167F5E0500301439 /* UIAlertView-Blocks */,
			);
			path = Vendor;
			sourceTree = "<group>";
		};
		32392332167F5A6C00301439 /* EGORefreshTableHeaderView */ = {
			isa = PBXGroup;
			children = (
				32392333167F5A6C00301439 /* EGORefreshTableHeaderView.h */,
				32392334167F5A6C00301439 /* EGORefreshTableHeaderView.m */,
			);
			path = EGORefreshTableHeaderView;
			sourceTree = "<group>";
		};
		32392390167F5C3200301439 /* MJPopupViewController */ = {
			isa = PBXGroup;
			children = (
				32392391167F5C3200301439 /* MJPopupBackgroundView.h */,
				32392392167F5C3200301439 /* MJPopupBackgroundView.m */,
				32392393167F5C3200301439 /* UIViewController+MJPopupViewController.h */,
				32392394167F5C3200301439 /* UIViewController+MJPopupViewController.m */,
			);
			path = MJPopupViewController;
			sourceTree = "<group>";
		};
		32392397167F5C9100301439 /* NSDate-Helper */ = {
			isa = PBXGroup;
			children = (
				32392398167F5C9100301439 /* NSDate+Helper.h */,
				32392399167F5C9100301439 /* NSDate+Helper.m */,
			);
			path = "NSDate-Helper";
			sourceTree = "<group>";
		};
		323923A3167F5DD800301439 /* TSLibraryImport */ = {
			isa = PBXGroup;
			children = (
				323923A4167F5DD800301439 /* TSLibraryImport.h */,
				323923A5167F5DD800301439 /* TSLibraryImport.m */,
			);
			path = TSLibraryImport;
			sourceTree = "<group>";
		};
		323923A7167F5E0500301439 /* UIAlertView-Blocks */ = {
			isa = PBXGroup;
			children = (
				323923A8167F5E0500301439 /* RIButtonItem.h */,
				323923A9167F5E0500301439 /* RIButtonItem.m */,
				323923AA167F5E0500301439 /* UIActionSheet+Blocks.h */,
				323923AB167F5E0500301439 /* UIActionSheet+Blocks.m */,
				323923AC167F5E0500301439 /* UIAlertView+Blocks.h */,
				323923AD167F5E0500301439 /* UIAlertView+Blocks.m */,
			);
			path = "UIAlertView-Blocks";
			sourceTree = "<group>";
		};
		324D0391164071D200D0143C /* TDSlider */ = {
			isa = PBXGroup;
			children = (
				324D0392164071D200D0143C /* TDSlider.h */,
				324D0393164071D200D0143C /* TDSlider.m */,
			);
			name = TDSlider;
			path = TDSlider/TDSlider;
			sourceTree = "<group>";
		};
		32523DEB1688BF65006E9FFB /* Networking */ = {
			isa = PBXGroup;
			children = (
				32523DEC1688BFF0006E9FFB /* IGHTTPClient.h */,
				32523DED1688BFF0006E9FFB /* IGHTTPClient.m */,
				32523DEF168B540F006E9FFB /* IGRSSXMLRequestOperation.h */,
				32523DF0168B540F006E9FFB /* IGRSSXMLRequestOperation.m */,
				32523DF2168E4277006E9FFB /* IGPodcastFeedParser.h */,
				32523DF3168E4277006E9FFB /* IGPodcastFeedParser.m */,
			);
			name = Networking;
			sourceTree = "<group>";
		};
		3263DE991756842000D74A1F /* Categories */ = {
			isa = PBXGroup;
			children = (
				323D5A3316B824270074E91F /* UIApplication+LocalNotificationHelper.h */,
				323D5A3416B824270074E91F /* UIApplication+LocalNotificationHelper.m */,
				3263DEA11756A06900D74A1F /* UIViewController+MediaPlayer.h */,
				3263DEA21756A06900D74A1F /* UIViewController+MediaPlayer.m */,
			);
			name = Categories;
			sourceTree = "<group>";
		};
		32678CEC147EB939007BD110 /* Cells */ = {
			isa = PBXGroup;
			children = (
				32678CED147EDE7C007BD110 /* IGEpisodeCell.h */,
				32678CEE147EDE7C007BD110 /* IGEpisodeCell.m */,
			);
			name = Cells;
			sourceTree = "<group>";
		};
		32732B49156C41A800DCF77C /* Graphics */ = {
			isa = PBXGroup;
			children = (
				32A3C5C515C99FF50083D165 /* audio-player-bg.png */,
				32A3C5C615C99FF60083D165 /* audio-player-bg@2x.png */,
				3235957315755737007D5D90 /* audio-player-lower-controls-bg.png */,
				3235957415755737007D5D90 /* audio-player-lower-controls-bg@2x.png */,
				32A2E123160792BF005377FF /* Default-568h@2x.png */,
				32282D5715CDE8C50005E3B6 /* Default.png */,
				32282D5815CDE8C60005E3B6 /* Default@2x.png */,
				324D0396164450DA00D0143C /* download-episode-pause-button.png */,
				324D0397164450DA00D0143C /* download-episode-pause-button@2x.png */,
				3213C60F174A5CF3003C0BC4 /* download-episode-progress-image.png */,
				3213C610174A5CF3003C0BC4 /* download-episode-progress-image@2x.png */,
				32EDEE5216011AB2009A047A /* download-episode-resume-button.png */,
				32EDEE5316011AB6009A047A /* download-episode-resume-button@2x.png */,
				3213C60B174A4372003C0BC4 /* download-episode-track-image.png */,
				3213C60C174A4372003C0BC4 /* download-episode-track-image@2x.png */,
				3213C5EC174913C6003C0BC4 /* episode-downloaded-icon.png */,
				3213C5ED174913C6003C0BC4 /* episode-downloaded-icon@2x.png */,
				3213C5F4174A299C003C0BC4 /* episode-half-played-icon.png */,
				3213C5F5174A299C003C0BC4 /* episode-half-played-icon@2x.png */,
				3213C5F017495570003C0BC4 /* episode-unplayed-icon.png */,
				3213C5F117495570003C0BC4 /* episode-unplayed-icon@2x.png */,
				32C18778172E9E8500921169 /* hide-media-player-icon.png */,
				32C18779172E9E8500921169 /* hide-media-player-icon@2x.png */,
				32282D5C15CDE9FE0005E3B6 /* icon-114.png */,
				32282D6315CDEB680005E3B6 /* icon-29.png */,
				32282D5B15CDE9FD0005E3B6 /* icon-57.png */,
				32282D6415CDEB690005E3B6 /* icon-58.png */,
				321F218A15B9FD8C00610DC0 /* more-info-button.png */,
				321F218B15B9FD8D00610DC0 /* more-info-button@2x.png */,
				3263DEA81757587300D74A1F /* nav-bar-land-bg.png */,
				3263DEA91757587300D74A1F /* nav-bar-land-bg@2x.png */,
				321CB21515DD899B00E0E35A /* nav-bar-port-bg.png */,
				321CB21615DD899B00E0E35A /* nav-bar-port-bg@2x.png */,
				3263DEB6175765F800D74A1F /* nav-button-highlighted-land.png */,
				3263DEB7175765F800D74A1F /* nav-button-highlighted-land@2x.png */,
				3263DEB2175764D300D74A1F /* nav-button-highlighted-port.png */,
				3263DEB3175764D300D74A1F /* nav-button-highlighted-port@2x.png */,
				3263DEAE1757611800D74A1F /* nav-button-land.png */,
				3263DEAF1757611800D74A1F /* nav-button-land@2x.png */,
				32056E3015E286D700235783 /* nav-button-port.png */,
				32056E3115E286D700235783 /* nav-button-port@2x.png */,
				325920A815DC23D700345666 /* pause-button.png */,
				325920A915DC23D700345666 /* pause-button@2x.png */,
				325920A415DC1B5700345666 /* play-button.png */,
				325920A515DC1B5700345666 /* play-button@2x.png */,
				32056E2C15E1983300235783 /* progress-slider-fill.png */,
				32056E2D15E1983300235783 /* progress-slider-fill@2x.png */,
				32056E2815E1913F00235783 /* progress-slider-thumb.png */,
				32056E2915E1913F00235783 /* progress-slider-thumb@2x.png */,
				321891D115F111A200063177 /* search-bar-bg.png */,
				321891D215F111A200063177 /* search-bar-bg@2x.png */,
				32C18774172E9BE100921169 /* show-audio-player-icon.png */,
				32C18775172E9BE100921169 /* show-audio-player-icon@2x.png */,
				32BF7B1D16DBEE3B006B2459 /* skipping-backward-button.png */,
				32BF7B1E16DBEE3B006B2459 /* skipping-backward-button@2x.png */,
				32BF7B1F16DBEE3B006B2459 /* skipping-forward-button.png */,
				32BF7B2016DBEE3B006B2459 /* skipping-forward-button@2x.png */,
			);
			path = Graphics;
			sourceTree = "<group>";
		};
		328E2767153DDF91005AE70B /* MediaPlayer */ = {
			isa = PBXGroup;
			children = (
				328E2769153DDFB0005AE70B /* IGMediaPlayer.h */,
				328E276A153DDFB0005AE70B /* IGMediaPlayer.m */,
				32D0092D16EA830A00EAEA81 /* IGMediaPlayerAsset.h */,
				32D0092E16EA830A00EAEA81 /* IGMediaPlayerAsset.m */,
			);
			name = MediaPlayer;
			path = ..;
			sourceTree = "<group>";
		};
		3293D644148BBCD90052B427 /* Model */ = {
			isa = PBXGroup;
			children = (
				3293D645148BBCF20052B427 /* SITMOS.xcdatamodeld */,
			);
			name = Model;
			sourceTree = "<group>";
		};
		3293D64B148BC3950052B427 /* Entities */ = {
			isa = PBXGroup;
			children = (
				32FEA284153DF03400F17ABE /* IGEpisode.h */,
				32FEA285153DF03400F17ABE /* IGEpisode.m */,
			);
			name = Entities;
			sourceTree = "<group>";
		};
		329886871461DE9C006B7BDE /* View Controllers */ = {
			isa = PBXGroup;
			children = (
				328D70F814FEADE70089D78A /* MainStoryboard.storyboard */,
				32C18773172DDD9000921169 /* Podcast Episodes */,
				32C1876B172DA88900921169 /* Media Player */,
				32EA27B016DA712B00BB528E /* Settings */,
			);
			name = "View Controllers";
			sourceTree = "<group>";
		};
		32C1876B172DA88900921169 /* Media Player */ = {
			isa = PBXGroup;
			children = (
				32C1876C172DA8A400921169 /* IGMediaPlayerViewController.h */,
				32C1876D172DA8A400921169 /* IGMediaPlayerViewController.m */,
				329272A514A75F0800119D48 /* IGAudioPlayerViewController.h */,
				329272A614A75F0800119D48 /* IGAudioPlayerViewController.m */,
				32F023A41755097A00A91E4B /* IGVideoPlayerViewController.h */,
				32F023A51755097A00A91E4B /* IGVideoPlayerViewController.m */,
			);
			name = "Media Player";
			sourceTree = "<group>";
		};
		32C18773172DDD9000921169 /* Podcast Episodes */ = {
			isa = PBXGroup;
			children = (
				3298868B1461DF85006B7BDE /* IGEpisodesListViewController.h */,
				3298868C1461DF85006B7BDE /* IGEpisodesListViewController.m */,
				321579BD15FCFA760074518D /* IGEpisodeMoreInfoViewController.h */,
				321579BE15FCFA760074518D /* IGEpisodeMoreInfoViewController.m */,
			);
			name = "Podcast Episodes";
			sourceTree = "<group>";
		};
		32EA27AC16D406D000BB528E /* TDNotificationPanel */ = {
			isa = PBXGroup;
			children = (
				32EA27AD16D406D000BB528E /* TDNotificationPanel.h */,
				32EA27AE16D406D000BB528E /* TDNotificationPanel.m */,
			);
			name = TDNotificationPanel;
			path = TDNotificationPanel/TDNotificationPanel;
			sourceTree = "<group>";
		};
		32EA27B016DA712B00BB528E /* Settings */ = {
			isa = PBXGroup;
			children = (
				3222F7C3170B57F900E8E76E /* IGSettingsViewController.h */,
				3222F7C4170B57F900E8E76E /* IGSettingsViewController.m */,
				32FBC4C11610D68B005078EC /* IGSettingsEpisodesDeleteViewController.h */,
				32FBC4C21610D68B005078EC /* IGSettingsEpisodesDeleteViewController.m */,
				32EA27B116DA71E300BB528E /* IGSettingsSkippingBackwardViewController.h */,
				32EA27B216DA71E300BB528E /* IGSettingsSkippingBackwardViewController.m */,
				32BF7B1A16DA9E9F006B2459 /* IGSettingsSkippingForwardViewController.h */,
				32BF7B1B16DA9E9F006B2459 /* IGSettingsSkippingForwardViewController.m */,
			);
			name = Settings;
			sourceTree = "<group>";
		};
/* End PBXGroup section */

/* Begin PBXNativeTarget section */
		321D8C3C145F1D8B008698DC /* SITMOS */ = {
			isa = PBXNativeTarget;
			buildConfigurationList = 321D8C55145F1D8B008698DC /* Build configuration list for PBXNativeTarget "SITMOS" */;
			buildPhases = (
				6AAE59F909AF4928A28812DA /* Check Pods Manifest.lock */,
				321D8C39145F1D8B008698DC /* Sources */,
				321D8C3A145F1D8B008698DC /* Frameworks */,
				321D8C3B145F1D8B008698DC /* Resources */,
				3ED409B7C2A34555939D4125 /* Copy Pods Resources */,
			);
			buildRules = (
			);
			dependencies = (
			);
			name = SITMOS;
			productName = SITMOS;
			productReference = 321D8C3D145F1D8B008698DC /* SITMOS.app */;
			productType = "com.apple.product-type.application";
		};
		322D32B917257568004856E9 /* SITMOSTests */ = {
			isa = PBXNativeTarget;
			buildConfigurationList = 322D32C917257568004856E9 /* Build configuration list for PBXNativeTarget "SITMOSTests" */;
			buildPhases = (
				6D55D9D4BF8E40FA94D86AF0 /* Check Pods Manifest.lock */,
				322D32B517257568004856E9 /* Sources */,
				322D32B617257568004856E9 /* Frameworks */,
				322D32B717257568004856E9 /* Resources */,
				322D32B817257568004856E9 /* ShellScript */,
				4A96B4A9131D442F9BEA6AE0 /* Copy Pods Resources */,
			);
			buildRules = (
			);
			dependencies = (
				32054B0C172C5C3100F2562D /* PBXTargetDependency */,
			);
			name = SITMOSTests;
			productName = SITMOSTests;
			productReference = 322D32BA17257568004856E9 /* SITMOSTests.octest */;
			productType = "com.apple.product-type.bundle";
		};
/* End PBXNativeTarget section */

/* Begin PBXProject section */
		321D8C34145F1D8B008698DC /* Project object */ = {
			isa = PBXProject;
			attributes = {
				LastUpgradeCheck = 0460;
			};
			buildConfigurationList = 321D8C37145F1D8B008698DC /* Build configuration list for PBXProject "SITMOS" */;
			compatibilityVersion = "Xcode 3.2";
			developmentRegion = English;
			hasScannedForEncodings = 0;
			knownRegions = (
				en,
			);
			mainGroup = 321D8C32145F1D8B008698DC;
			productRefGroup = 321D8C3E145F1D8B008698DC /* Products */;
			projectDirPath = "";
			projectRoot = "";
			targets = (
				321D8C3C145F1D8B008698DC /* SITMOS */,
				322D32B917257568004856E9 /* SITMOSTests */,
			);
		};
/* End PBXProject section */

/* Begin PBXResourcesBuildPhase section */
		321D8C3B145F1D8B008698DC /* Resources */ = {
			isa = PBXResourcesBuildPhase;
			buildActionMask = 2147483647;
			files = (
				321D8C4C145F1D8B008698DC /* InfoPlist.strings in Resources */,
				328D70F914FEADE70089D78A /* MainStoryboard.storyboard in Resources */,
				3285E114156C43A0009E128A /* Localizable.strings in Resources */,
				3235957515755737007D5D90 /* audio-player-lower-controls-bg.png in Resources */,
				3235957615755737007D5D90 /* audio-player-lower-controls-bg@2x.png in Resources */,
				321F218C15B9FD8D00610DC0 /* more-info-button.png in Resources */,
				321F218D15B9FD8D00610DC0 /* more-info-button@2x.png in Resources */,
				32A3C5C715C99FF60083D165 /* audio-player-bg.png in Resources */,
				32A3C5C815C99FF60083D165 /* audio-player-bg@2x.png in Resources */,
				32282D5915CDE8C70005E3B6 /* Default.png in Resources */,
				32282D5A15CDE8C70005E3B6 /* Default@2x.png in Resources */,
				32282D5D15CDE9FF0005E3B6 /* icon-57.png in Resources */,
				32282D5E15CDE9FF0005E3B6 /* icon-114.png in Resources */,
				32282D6515CDEB6A0005E3B6 /* icon-29.png in Resources */,
				32282D6615CDEB6A0005E3B6 /* icon-58.png in Resources */,
				325920A615DC1B5700345666 /* play-button.png in Resources */,
				325920A715DC1B5700345666 /* play-button@2x.png in Resources */,
				325920AA15DC23D700345666 /* pause-button.png in Resources */,
				325920AB15DC23D700345666 /* pause-button@2x.png in Resources */,
				321CB21715DD899B00E0E35A /* nav-bar-port-bg.png in Resources */,
				321CB21815DD899B00E0E35A /* nav-bar-port-bg@2x.png in Resources */,
				32056E2A15E1913F00235783 /* progress-slider-thumb.png in Resources */,
				32056E2B15E1913F00235783 /* progress-slider-thumb@2x.png in Resources */,
				32056E2E15E1983400235783 /* progress-slider-fill.png in Resources */,
				32056E2F15E1983400235783 /* progress-slider-fill@2x.png in Resources */,
				32056E3215E286D700235783 /* nav-button-port.png in Resources */,
				32056E3315E286D700235783 /* nav-button-port@2x.png in Resources */,
				321891D315F111A200063177 /* search-bar-bg.png in Resources */,
				321891D415F111A200063177 /* search-bar-bg@2x.png in Resources */,
				32EDEE5616011AC0009A047A /* download-episode-resume-button.png in Resources */,
				32EDEE5716011AC0009A047A /* download-episode-resume-button@2x.png in Resources */,
				32A2E124160792BF005377FF /* Default-568h@2x.png in Resources */,
				324D0398164450DA00D0143C /* download-episode-pause-button.png in Resources */,
				324D0399164450DA00D0143C /* download-episode-pause-button@2x.png in Resources */,
				32BF7B2116DBEE3B006B2459 /* skipping-backward-button.png in Resources */,
				32BF7B2216DBEE3B006B2459 /* skipping-backward-button@2x.png in Resources */,
				32BF7B2316DBEE3B006B2459 /* skipping-forward-button.png in Resources */,
				32BF7B2416DBEE3B006B2459 /* skipping-forward-button@2x.png in Resources */,
				3222F7C7170F6B4000E8E76E /* Settings.bundle in Resources */,
				32C18776172E9BE100921169 /* show-audio-player-icon.png in Resources */,
				32C18777172E9BE100921169 /* show-audio-player-icon@2x.png in Resources */,
				32C1877A172E9E8500921169 /* hide-media-player-icon.png in Resources */,
				32C1877B172E9E8500921169 /* hide-media-player-icon@2x.png in Resources */,
				3213C5EE174913C6003C0BC4 /* episode-downloaded-icon.png in Resources */,
				3213C5EF174913C6003C0BC4 /* episode-downloaded-icon@2x.png in Resources */,
				3213C5F217495570003C0BC4 /* episode-unplayed-icon.png in Resources */,
				3213C5F317495570003C0BC4 /* episode-unplayed-icon@2x.png in Resources */,
				3213C5F6174A299D003C0BC4 /* episode-half-played-icon.png in Resources */,
				3213C5F7174A299D003C0BC4 /* episode-half-played-icon@2x.png in Resources */,
				3213C60D174A4372003C0BC4 /* download-episode-track-image.png in Resources */,
				3213C60E174A4372003C0BC4 /* download-episode-track-image@2x.png in Resources */,
				3213C611174A5CF3003C0BC4 /* download-episode-progress-image.png in Resources */,
				3213C612174A5CF3003C0BC4 /* download-episode-progress-image@2x.png in Resources */,
				3263DEAA1757587300D74A1F /* nav-bar-land-bg.png in Resources */,
				3263DEAB1757587300D74A1F /* nav-bar-land-bg@2x.png in Resources */,
				3263DEB01757611800D74A1F /* nav-button-land.png in Resources */,
				3263DEB11757611800D74A1F /* nav-button-land@2x.png in Resources */,
				3263DEB4175764D300D74A1F /* nav-button-highlighted-port.png in Resources */,
				3263DEB5175764D300D74A1F /* nav-button-highlighted-port@2x.png in Resources */,
				3263DEB8175765F800D74A1F /* nav-button-highlighted-land.png in Resources */,
				3263DEB9175765F800D74A1F /* nav-button-highlighted-land@2x.png in Resources */,
			);
			runOnlyForDeploymentPostprocessing = 0;
		};
		322D32B717257568004856E9 /* Resources */ = {
			isa = PBXResourcesBuildPhase;
			buildActionMask = 2147483647;
			files = (
				322D32D217257637004856E9 /* InfoPlist.strings in Resources */,
			);
			runOnlyForDeploymentPostprocessing = 0;
		};
/* End PBXResourcesBuildPhase section */

/* Begin PBXShellScriptBuildPhase section */
		322D32B817257568004856E9 /* ShellScript */ = {
			isa = PBXShellScriptBuildPhase;
			buildActionMask = 2147483647;
			files = (
			);
			inputPaths = (
			);
			outputPaths = (
			);
			runOnlyForDeploymentPostprocessing = 0;
			shellPath = /bin/sh;
			shellScript = "# Run the unit tests in this test bundle.\n\"${SYSTEM_DEVELOPER_DIR}/Tools/RunUnitTests\"\n";
		};
		3ED409B7C2A34555939D4125 /* Copy Pods Resources */ = {
			isa = PBXShellScriptBuildPhase;
			buildActionMask = 2147483647;
			files = (
			);
			inputPaths = (
			);
			name = "Copy Pods Resources";
			outputPaths = (
			);
			runOnlyForDeploymentPostprocessing = 0;
			shellPath = /bin/sh;
			shellScript = "\"${SRCROOT}/Pods/Pods-resources.sh\"\n";
		};
		4A96B4A9131D442F9BEA6AE0 /* Copy Pods Resources */ = {
			isa = PBXShellScriptBuildPhase;
			buildActionMask = 2147483647;
			files = (
			);
			inputPaths = (
			);
			name = "Copy Pods Resources";
			outputPaths = (
			);
			runOnlyForDeploymentPostprocessing = 0;
			shellPath = /bin/sh;
			shellScript = "\"${SRCROOT}/Pods/Pods-SITMOSTests-resources.sh\"\n";
		};
		6AAE59F909AF4928A28812DA /* Check Pods Manifest.lock */ = {
			isa = PBXShellScriptBuildPhase;
			buildActionMask = 2147483647;
			files = (
			);
			inputPaths = (
			);
			name = "Check Pods Manifest.lock";
			outputPaths = (
			);
			runOnlyForDeploymentPostprocessing = 0;
			shellPath = /bin/sh;
			shellScript = "diff \"${PODS_ROOT}/../Podfile.lock\" \"${PODS_ROOT}/Manifest.lock\" > /dev/null\nif [[ $? != 0 ]] ; then\n    cat << EOM\nerror: The sanbox is not in sync with the Podfile.lock. Run 'pod install'.\nEOM\n    exit 1\nfi\n";
		};
		6D55D9D4BF8E40FA94D86AF0 /* Check Pods Manifest.lock */ = {
			isa = PBXShellScriptBuildPhase;
			buildActionMask = 2147483647;
			files = (
			);
			inputPaths = (
			);
			name = "Check Pods Manifest.lock";
			outputPaths = (
			);
			runOnlyForDeploymentPostprocessing = 0;
			shellPath = /bin/sh;
			shellScript = "diff \"${PODS_ROOT}/../Podfile.lock\" \"${PODS_ROOT}/Manifest.lock\" > /dev/null\nif [[ $? != 0 ]] ; then\n    cat << EOM\nerror: The sanbox is not in sync with the Podfile.lock. Run 'pod install'.\nEOM\n    exit 1\nfi\n";
		};
/* End PBXShellScriptBuildPhase section */

/* Begin PBXSourcesBuildPhase section */
		321D8C39145F1D8B008698DC /* Sources */ = {
			isa = PBXSourcesBuildPhase;
			buildActionMask = 2147483647;
			files = (
				321D8C4E145F1D8B008698DC /* main.m in Sources */,
				321D8C52145F1D8B008698DC /* IGAppDelegate.m in Sources */,
				3298868E1461DF85006B7BDE /* IGEpisodesListViewController.m in Sources */,
				32678CEF147EDE7C007BD110 /* IGEpisodeCell.m in Sources */,
				3293D647148BBCF20052B427 /* SITMOS.xcdatamodeld in Sources */,
				329272A814A75F0800119D48 /* IGAudioPlayerViewController.m in Sources */,
				328E276B153DDFB0005AE70B /* IGMediaPlayer.m in Sources */,
				32FEA286153DF03A00F17ABE /* IGEpisode.m in Sources */,
				3290193E15D18A4A00104FD8 /* IGDefines.m in Sources */,
				321579BF15FCFA760074518D /* IGEpisodeMoreInfoViewController.m in Sources */,
				32FBC4C31610D68C005078EC /* IGSettingsEpisodesDeleteViewController.m in Sources */,
				32FBC4F01618DE66005078EC /* IGTestFlight.m in Sources */,
				32FBC54E1619AAA6005078EC /* IGInitialSetup.m in Sources */,
				324D0394164071D200D0143C /* TDSlider.m in Sources */,
				32392335167F5A6C00301439 /* EGORefreshTableHeaderView.m in Sources */,
				32392395167F5C3200301439 /* MJPopupBackgroundView.m in Sources */,
				32392396167F5C3200301439 /* UIViewController+MJPopupViewController.m in Sources */,
				3239239A167F5C9100301439 /* NSDate+Helper.m in Sources */,
				323923A6167F5DD800301439 /* TSLibraryImport.m in Sources */,
				323923AE167F5E0500301439 /* RIButtonItem.m in Sources */,
				323923AF167F5E0500301439 /* UIActionSheet+Blocks.m in Sources */,
				323923B0167F5E0500301439 /* UIAlertView+Blocks.m in Sources */,
				32523DEE1688BFF0006E9FFB /* IGHTTPClient.m in Sources */,
				32523DF1168B5410006E9FFB /* IGRSSXMLRequestOperation.m in Sources */,
				32523DF4168E4277006E9FFB /* IGPodcastFeedParser.m in Sources */,
				323D5A3516B824270074E91F /* UIApplication+LocalNotificationHelper.m in Sources */,
				32EA27AF16D406D000BB528E /* TDNotificationPanel.m in Sources */,
				32EA27B316DA71E300BB528E /* IGSettingsSkippingBackwardViewController.m in Sources */,
				32BF7B1C16DA9E9F006B2459 /* IGSettingsSkippingForwardViewController.m in Sources */,
				32D0092F16EA830A00EAEA81 /* IGMediaPlayerAsset.m in Sources */,
				3222F7C5170B57F900E8E76E /* IGSettingsViewController.m in Sources */,
				32C1876E172DA8A400921169 /* IGMediaPlayerViewController.m in Sources */,
				32F023A61755097A00A91E4B /* IGVideoPlayerViewController.m in Sources */,
				3263DEA31756A06A00D74A1F /* UIViewController+MediaPlayer.m in Sources */,
			);
			runOnlyForDeploymentPostprocessing = 0;
		};
		322D32B517257568004856E9 /* Sources */ = {
			isa = PBXSourcesBuildPhase;
			buildActionMask = 2147483647;
			files = (
				322D32DC17257A1F004856E9 /* IGPodcastFeedParserTests.m in Sources */,
				32054A861729D19B00F2562D /* IGEpisodeTests.m in Sources */,
				32054B11172C6B6F00F2562D /* IGEpisode.m in Sources */,
				32054B12172C6B7500F2562D /* IGPodcastFeedParser.m in Sources */,
				32054B13172C6B7C00F2562D /* SITMOS.xcdatamodeld in Sources */,
				32C18760172D341000921169 /* IGRSSXMLRequestOperationTests.m in Sources */,
				32C18761172D342A00921169 /* IGRSSXMLRequestOperation.m in Sources */,
				320602F31754C0B700301459 /* IGHTTPClientTests.m in Sources */,
				32F023A01754FF4000A91E4B /* IGMockHTTPClient.m in Sources */,
			);
			runOnlyForDeploymentPostprocessing = 0;
		};
/* End PBXSourcesBuildPhase section */

/* Begin PBXTargetDependency section */
		32054B0C172C5C3100F2562D /* PBXTargetDependency */ = {
			isa = PBXTargetDependency;
			target = 321D8C3C145F1D8B008698DC /* SITMOS */;
			targetProxy = 32054B0B172C5C3100F2562D /* PBXContainerItemProxy */;
		};
/* End PBXTargetDependency section */

/* Begin PBXVariantGroup section */
		321D8C4A145F1D8B008698DC /* InfoPlist.strings */ = {
			isa = PBXVariantGroup;
			children = (
				321D8C4B145F1D8B008698DC /* en */,
			);
			name = InfoPlist.strings;
			sourceTree = "<group>";
		};
		322D32CE17257637004856E9 /* InfoPlist.strings */ = {
			isa = PBXVariantGroup;
			children = (
				322D32CF17257637004856E9 /* en */,
			);
			name = InfoPlist.strings;
			sourceTree = "<group>";
		};
		3285E112156C43A0009E128A /* Localizable.strings */ = {
			isa = PBXVariantGroup;
			children = (
				3285E113156C43A0009E128A /* en */,
			);
			name = Localizable.strings;
			sourceTree = "<group>";
		};
/* End PBXVariantGroup section */

/* Begin XCBuildConfiguration section */
		321D8C53145F1D8B008698DC /* Debug */ = {
			isa = XCBuildConfiguration;
			buildSettings = {
				ALWAYS_SEARCH_USER_PATHS = NO;
				ARCHS = "$(ARCHS_STANDARD_32_BIT)";
				CLANG_ENABLE_OBJC_ARC = YES;
				CLANG_WARN_CONSTANT_CONVERSION = YES;
				CLANG_WARN_ENUM_CONVERSION = YES;
				CLANG_WARN_INT_CONVERSION = YES;
				CLANG_WARN__DUPLICATE_METHOD_MATCH = YES;
				CODE_SIGN_IDENTITY = "iPhone Developer";
				"CODE_SIGN_IDENTITY[sdk=iphoneos*]" = "iPhone Developer";
				COPY_PHASE_STRIP = NO;
				GCC_C_LANGUAGE_STANDARD = gnu99;
				GCC_DYNAMIC_NO_PIC = NO;
				GCC_OPTIMIZATION_LEVEL = 0;
				GCC_PREPROCESSOR_DEFINITIONS = "$(inherited)";
				GCC_SYMBOLS_PRIVATE_EXTERN = NO;
				GCC_VERSION = com.apple.compilers.llvm.clang.1_0;
				GCC_WARN_ABOUT_MISSING_PROTOTYPES = YES;
				GCC_WARN_ABOUT_RETURN_TYPE = YES;
				GCC_WARN_UNINITIALIZED_AUTOS = YES;
				GCC_WARN_UNUSED_VARIABLE = YES;
				IPHONEOS_DEPLOYMENT_TARGET = 6.0;
				PROVISIONING_PROFILE = "";
				"PROVISIONING_PROFILE[sdk=iphoneos*]" = "";
				SDKROOT = iphoneos;
			};
			name = Debug;
		};
		321D8C54145F1D8B008698DC /* App Store */ = {
			isa = XCBuildConfiguration;
			buildSettings = {
				ALWAYS_SEARCH_USER_PATHS = NO;
				ARCHS = "$(ARCHS_STANDARD_32_BIT)";
				CLANG_ENABLE_OBJC_ARC = YES;
				CLANG_WARN_CONSTANT_CONVERSION = YES;
				CLANG_WARN_ENUM_CONVERSION = YES;
				CLANG_WARN_INT_CONVERSION = YES;
				CLANG_WARN__DUPLICATE_METHOD_MATCH = YES;
				CODE_SIGN_IDENTITY = "iPhone Developer";
				"CODE_SIGN_IDENTITY[sdk=iphoneos*]" = "iPhone Developer";
				COPY_PHASE_STRIP = YES;
				GCC_C_LANGUAGE_STANDARD = gnu99;
				GCC_VERSION = com.apple.compilers.llvm.clang.1_0;
				GCC_WARN_ABOUT_MISSING_PROTOTYPES = YES;
				GCC_WARN_ABOUT_RETURN_TYPE = YES;
				GCC_WARN_UNINITIALIZED_AUTOS = YES;
				GCC_WARN_UNUSED_VARIABLE = YES;
				IPHONEOS_DEPLOYMENT_TARGET = 6.0;
				OTHER_CFLAGS = "-DNS_BLOCK_ASSERTIONS=1";
				PROVISIONING_PROFILE = "";
				"PROVISIONING_PROFILE[sdk=iphoneos*]" = "";
				SDKROOT = iphoneos;
				VALIDATE_PRODUCT = YES;
			};
			name = "App Store";
		};
		321D8C56145F1D8B008698DC /* Debug */ = {
			isa = XCBuildConfiguration;
			baseConfigurationReference = D3F8EE7222394631B1848C25 /* Pods.xcconfig */;
			buildSettings = {
				CLANG_ENABLE_OBJC_ARC = YES;
				CODE_SIGN_IDENTITY = "iPhone Developer";
				"CODE_SIGN_IDENTITY[sdk=iphoneos*]" = "iPhone Developer";
				GCC_PRECOMPILE_PREFIX_HEADER = YES;
				GCC_PREFIX_HEADER = "SITMOS/SITMOS-Prefix.pch";
				GCC_PREPROCESSOR_DEFINITIONS = (
					"$(inherited)",
					DEVELOPMENT_MODE,
				);
				HEADER_SEARCH_PATHS = "${PODS_HEADERS_SEARCH_PATHS}";
				INFOPLIST_FILE = "SITMOS/SITMOS-Info.plist";
				IPHONEOS_DEPLOYMENT_TARGET = 6.0;
				LIBRARY_SEARCH_PATHS = "$(inherited)";
				OTHER_CFLAGS = "";
				PRODUCT_NAME = "$(TARGET_NAME)";
				PROVISIONING_PROFILE = "";
				"PROVISIONING_PROFILE[sdk=iphoneos*]" = "";
				WRAPPER_EXTENSION = app;
			};
			name = Debug;
		};
		321D8C57145F1D8B008698DC /* App Store */ = {
			isa = XCBuildConfiguration;
			baseConfigurationReference = D3F8EE7222394631B1848C25 /* Pods.xcconfig */;
			buildSettings = {
				CLANG_ENABLE_OBJC_ARC = YES;
				CODE_SIGN_IDENTITY = "iPhone Distribution";
				"CODE_SIGN_IDENTITY[sdk=iphoneos*]" = "iPhone Distribution";
				COPY_PHASE_STRIP = NO;
				GCC_PRECOMPILE_PREFIX_HEADER = YES;
				GCC_PREFIX_HEADER = "SITMOS/SITMOS-Prefix.pch";
				HEADER_SEARCH_PATHS = "${PODS_HEADERS_SEARCH_PATHS}";
				INFOPLIST_FILE = "SITMOS/SITMOS-Info.plist";
				IPHONEOS_DEPLOYMENT_TARGET = 6.0;
				LIBRARY_SEARCH_PATHS = "$(inherited)";
				PRODUCT_NAME = "$(TARGET_NAME)";
				PROVISIONING_PROFILE = "";
				"PROVISIONING_PROFILE[sdk=iphoneos*]" = "";
				WRAPPER_EXTENSION = app;
			};
			name = "App Store";
		};
		322D32CA17257568004856E9 /* Debug */ = {
			isa = XCBuildConfiguration;
			baseConfigurationReference = C9F936B0D6EB4FA0ADA3FC95 /* Pods-SITMOSTests.xcconfig */;
			buildSettings = {
				BUNDLE_LOADER = "$(BUILT_PRODUCTS_DIR)/SITMOS.app/SITMOS";
				CLANG_CXX_LANGUAGE_STANDARD = "gnu++0x";
				CLANG_CXX_LIBRARY = "libc++";
				CLANG_WARN_EMPTY_BODY = YES;
				FRAMEWORK_SEARCH_PATHS = (
					"\"$(SDKROOT)/Developer/Library/Frameworks\"",
					"\"$(DEVELOPER_LIBRARY_DIR)/Frameworks\"",
				);
				GCC_PRECOMPILE_PREFIX_HEADER = YES;
				GCC_PREFIX_HEADER = "SITMOSTests/SITMOSTests-Prefix.pch";
				GCC_PREPROCESSOR_DEFINITIONS = (
					"DEBUG=1",
					"$(inherited)",
				);
				INFOPLIST_FILE = "SITMOSTests/SITMOSTests-Info.plist";
				IPHONEOS_DEPLOYMENT_TARGET = 6.1;
				ONLY_ACTIVE_ARCH = YES;
				PRODUCT_NAME = "$(TARGET_NAME)";
				TEST_HOST = "$(BUNDLE_LOADER)";
				WRAPPER_EXTENSION = octest;
			};
			name = Debug;
		};
		322D32CB17257568004856E9 /* App Store */ = {
			isa = XCBuildConfiguration;
			baseConfigurationReference = C9F936B0D6EB4FA0ADA3FC95 /* Pods-SITMOSTests.xcconfig */;
			buildSettings = {
				ALWAYS_SEARCH_USER_PATHS = NO;
				BUNDLE_LOADER = "$(BUILT_PRODUCTS_DIR)/SITMOS.app/SITMOS";
				CLANG_CXX_LANGUAGE_STANDARD = "gnu++0x";
				CLANG_CXX_LIBRARY = "libc++";
				CLANG_ENABLE_OBJC_ARC = YES;
				CLANG_WARN_CONSTANT_CONVERSION = YES;
				CLANG_WARN_EMPTY_BODY = YES;
				CLANG_WARN_ENUM_CONVERSION = YES;
				CLANG_WARN_INT_CONVERSION = YES;
				CLANG_WARN__DUPLICATE_METHOD_MATCH = YES;
				COPY_PHASE_STRIP = YES;
				FRAMEWORK_SEARCH_PATHS = (
					"\"$(SDKROOT)/Developer/Library/Frameworks\"",
					"\"$(DEVELOPER_LIBRARY_DIR)/Frameworks\"",
				);
				GCC_C_LANGUAGE_STANDARD = gnu99;
				GCC_PRECOMPILE_PREFIX_HEADER = YES;
				GCC_PREFIX_HEADER = "SITMOSTests/SITMOSTests-Prefix.pch";
				GCC_WARN_ABOUT_RETURN_TYPE = YES;
				GCC_WARN_UNINITIALIZED_AUTOS = YES;
				GCC_WARN_UNUSED_VARIABLE = YES;
				INFOPLIST_FILE = "SITMOSTests/SITMOSTests-Info.plist";
				IPHONEOS_DEPLOYMENT_TARGET = 6.1;
				PRODUCT_NAME = "$(TARGET_NAME)";
				SDKROOT = iphoneos;
				TEST_HOST = "$(BUNDLE_LOADER)";
				VALIDATE_PRODUCT = YES;
				WRAPPER_EXTENSION = octest;
			};
			name = "App Store";
		};
		322D32CC17257568004856E9 /* Testing */ = {
			isa = XCBuildConfiguration;
			baseConfigurationReference = C9F936B0D6EB4FA0ADA3FC95 /* Pods-SITMOSTests.xcconfig */;
			buildSettings = {
				ALWAYS_SEARCH_USER_PATHS = NO;
				BUNDLE_LOADER = "$(BUILT_PRODUCTS_DIR)/SITMOS.app/SITMOS";
				CLANG_CXX_LANGUAGE_STANDARD = "gnu++0x";
				CLANG_CXX_LIBRARY = "libc++";
				CLANG_ENABLE_OBJC_ARC = YES;
				CLANG_WARN_CONSTANT_CONVERSION = YES;
				CLANG_WARN_EMPTY_BODY = YES;
				CLANG_WARN_ENUM_CONVERSION = YES;
				CLANG_WARN_INT_CONVERSION = YES;
				CLANG_WARN__DUPLICATE_METHOD_MATCH = YES;
				COPY_PHASE_STRIP = YES;
				FRAMEWORK_SEARCH_PATHS = (
					"\"$(SDKROOT)/Developer/Library/Frameworks\"",
					"\"$(DEVELOPER_LIBRARY_DIR)/Frameworks\"",
				);
				GCC_C_LANGUAGE_STANDARD = gnu99;
				GCC_PRECOMPILE_PREFIX_HEADER = YES;
				GCC_PREFIX_HEADER = "SITMOSTests/SITMOSTests-Prefix.pch";
				GCC_WARN_ABOUT_RETURN_TYPE = YES;
				GCC_WARN_UNINITIALIZED_AUTOS = YES;
				GCC_WARN_UNUSED_VARIABLE = YES;
				INFOPLIST_FILE = "SITMOSTests/SITMOSTests-Info.plist";
				IPHONEOS_DEPLOYMENT_TARGET = 6.1;
				PRODUCT_NAME = "$(TARGET_NAME)";
				SDKROOT = iphoneos;
				TEST_HOST = "$(BUNDLE_LOADER)";
				VALIDATE_PRODUCT = YES;
				WRAPPER_EXTENSION = octest;
			};
			name = Testing;
		};
		325D6B0F15CED798001BACFC /* Testing */ = {
			isa = XCBuildConfiguration;
			buildSettings = {
				ALWAYS_SEARCH_USER_PATHS = NO;
				ARCHS = "$(ARCHS_STANDARD_32_BIT)";
				CLANG_ENABLE_OBJC_ARC = YES;
				CLANG_WARN_CONSTANT_CONVERSION = YES;
				CLANG_WARN_ENUM_CONVERSION = YES;
				CLANG_WARN_INT_CONVERSION = YES;
				CLANG_WARN__DUPLICATE_METHOD_MATCH = YES;
				CODE_SIGN_IDENTITY = "iPhone Developer";
				"CODE_SIGN_IDENTITY[sdk=iphoneos*]" = "iPhone Developer";
				COPY_PHASE_STRIP = YES;
				GCC_C_LANGUAGE_STANDARD = gnu99;
				GCC_VERSION = com.apple.compilers.llvm.clang.1_0;
				GCC_WARN_ABOUT_MISSING_PROTOTYPES = YES;
				GCC_WARN_ABOUT_RETURN_TYPE = YES;
				GCC_WARN_UNINITIALIZED_AUTOS = YES;
				GCC_WARN_UNUSED_VARIABLE = YES;
				IPHONEOS_DEPLOYMENT_TARGET = 6.0;
				OTHER_CFLAGS = "-DNS_BLOCK_ASSERTIONS=1";
				PROVISIONING_PROFILE = "";
				"PROVISIONING_PROFILE[sdk=iphoneos*]" = "";
				SDKROOT = iphoneos;
				VALIDATE_PRODUCT = YES;
			};
			name = Testing;
		};
		325D6B1015CED798001BACFC /* Testing */ = {
			isa = XCBuildConfiguration;
			baseConfigurationReference = D3F8EE7222394631B1848C25 /* Pods.xcconfig */;
			buildSettings = {
				CLANG_ENABLE_OBJC_ARC = YES;
				CODE_SIGN_IDENTITY = "iPhone Distribution";
				"CODE_SIGN_IDENTITY[sdk=iphoneos*]" = "iPhone Distribution";
				COPY_PHASE_STRIP = NO;
				GCC_PRECOMPILE_PREFIX_HEADER = YES;
				GCC_PREFIX_HEADER = "SITMOS/SITMOS-Prefix.pch";
				GCC_PREPROCESSOR_DEFINITIONS = "";
				HEADER_SEARCH_PATHS = "${PODS_HEADERS_SEARCH_PATHS}";
				INFOPLIST_FILE = "SITMOS/SITMOS-Info.plist";
				IPHONEOS_DEPLOYMENT_TARGET = 6.0;
				LIBRARY_SEARCH_PATHS = "$(inherited)";
				OTHER_CFLAGS = "-DNS_BLOCK_ASSERTIONS=1";
				PRODUCT_NAME = "$(TARGET_NAME)";
				PROVISIONING_PROFILE = "";
				"PROVISIONING_PROFILE[sdk=iphoneos*]" = "";
				WRAPPER_EXTENSION = app;
			};
			name = Testing;
		};
/* End XCBuildConfiguration section */

/* Begin XCConfigurationList section */
		321D8C37145F1D8B008698DC /* Build configuration list for PBXProject "SITMOS" */ = {
			isa = XCConfigurationList;
			buildConfigurations = (
				321D8C53145F1D8B008698DC /* Debug */,
				321D8C54145F1D8B008698DC /* App Store */,
				325D6B0F15CED798001BACFC /* Testing */,
			);
			defaultConfigurationIsVisible = 0;
			defaultConfigurationName = Debug;
		};
		321D8C55145F1D8B008698DC /* Build configuration list for PBXNativeTarget "SITMOS" */ = {
			isa = XCConfigurationList;
			buildConfigurations = (
				321D8C56145F1D8B008698DC /* Debug */,
				321D8C57145F1D8B008698DC /* App Store */,
				325D6B1015CED798001BACFC /* Testing */,
			);
			defaultConfigurationIsVisible = 0;
			defaultConfigurationName = Debug;
		};
		322D32C917257568004856E9 /* Build configuration list for PBXNativeTarget "SITMOSTests" */ = {
			isa = XCConfigurationList;
			buildConfigurations = (
				322D32CA17257568004856E9 /* Debug */,
				322D32CB17257568004856E9 /* App Store */,
				322D32CC17257568004856E9 /* Testing */,
			);
			defaultConfigurationIsVisible = 0;
			defaultConfigurationName = Debug;
		};
/* End XCConfigurationList section */

/* Begin XCVersionGroup section */
		3293D645148BBCF20052B427 /* SITMOS.xcdatamodeld */ = {
			isa = XCVersionGroup;
			children = (
				322D32E21725BF7B004856E9 /* SITMOS-v1.2.xcdatamodel */,
				329E458316EE542D00663CE0 /* SITMOS-v1.1.xcdatamodel */,
				327766D4160CD61700D7DEF4 /* SITMOS-v1.0b1.xcdatamodel */,
				3293D646148BBCF20052B427 /* SITMOS.xcdatamodel */,
			);
			currentVersion = 322D32E21725BF7B004856E9 /* SITMOS-v1.2.xcdatamodel */;
			path = SITMOS.xcdatamodeld;
			sourceTree = "<group>";
			versionGroupType = wrapper.xcdatamodel;
		};
/* End XCVersionGroup section */
	};
	rootObject = 321D8C34145F1D8B008698DC /* Project object */;
}
